// !$*UTF8*$!
{
	archiveVersion = 1;
	classes = {
	};
	objectVersion = 46;
	objects = {

/* Begin PBXBuildFile section */
		271CDA6113B23BB300854892 /* CLM.cc in Sources */ = {isa = PBXBuildFile; fileRef = 271CD99013B23BB200854892 /* CLM.cc */; };
		271CDA6213B23BB300854892 /* FCheck.cc in Sources */ = {isa = PBXBuildFile; fileRef = 271CD99213B23BB200854892 /* FCheck.cc */; };
		271CDA6313B23BB300854892 /* FDet.cc in Sources */ = {isa = PBXBuildFile; fileRef = 271CD99413B23BB200854892 /* FDet.cc */; };
		271CDA6413B23BB300854892 /* IO.cc in Sources */ = {isa = PBXBuildFile; fileRef = 271CD99613B23BB200854892 /* IO.cc */; };
		271CDA6513B23BB300854892 /* Patch.cc in Sources */ = {isa = PBXBuildFile; fileRef = 271CD99813B23BB200854892 /* Patch.cc */; };
		271CDA6613B23BB300854892 /* PAW.cc in Sources */ = {isa = PBXBuildFile; fileRef = 271CD99A13B23BB200854892 /* PAW.cc */; };
		271CDA6713B23BB300854892 /* PDM.cc in Sources */ = {isa = PBXBuildFile; fileRef = 271CD99C13B23BB200854892 /* PDM.cc */; };
		271CDA6813B23BB300854892 /* Tracker.cc in Sources */ = {isa = PBXBuildFile; fileRef = 271CD99E13B23BB200854892 /* Tracker.cc */; };
		271CDA6913B23BB300854892 /* ofxFaceTracker.cpp in Sources */ = {isa = PBXBuildFile; fileRef = 271CD9A213B23BB200854892 /* ofxFaceTracker.cpp */; };
		276A5858142A1CDB00B635EA /* MaskBlur.frag in Sources */ = {isa = PBXBuildFile; fileRef = 276A5857142A1CDB00B635EA /* MaskBlur.frag */; };
		276A590A142A261200B635EA /* Clone.frag in Sources */ = {isa = PBXBuildFile; fileRef = 276A5908142A261200B635EA /* Clone.frag */; };
		276A5A6F142A3CDF00B635EA /* BlurAlpha.frag in Sources */ = {isa = PBXBuildFile; fileRef = 276A5A6E142A3CDF00B635EA /* BlurAlpha.frag */; };
		276A5C80142A5E1900B635EA /* Voronoi.frag in Sources */ = {isa = PBXBuildFile; fileRef = 276A5C7F142A5E1900B635EA /* Voronoi.frag */; };
		91164D4D16636E4F00E4D751 /* DynamicInput.cpp in Sources */ = {isa = PBXBuildFile; fileRef = 91164D4B16636E4F00E4D751 /* DynamicInput.cpp */; };
		914050D816AEBD86009356D3 /* RadialBlur.frag in Sources */ = {isa = PBXBuildFile; fileRef = 914050D716AEBD86009356D3 /* RadialBlur.frag */; };
		9152190216AB0E69003000AC /* osc.a in Frameworks */ = {isa = PBXBuildFile; fileRef = 915218DB16AB0E68003000AC /* osc.a */; };
		9152190316AB0E69003000AC /* IpEndpointName.cpp in Sources */ = {isa = PBXBuildFile; fileRef = 915218DE16AB0E68003000AC /* IpEndpointName.cpp */; };
		9152190416AB0E69003000AC /* NetworkingUtils.cpp in Sources */ = {isa = PBXBuildFile; fileRef = 915218E316AB0E68003000AC /* NetworkingUtils.cpp */; };
		9152190516AB0E69003000AC /* UdpSocket.cpp in Sources */ = {isa = PBXBuildFile; fileRef = 915218E416AB0E68003000AC /* UdpSocket.cpp */; };
		9152190616AB0E69003000AC /* NetworkingUtilsWin.cpp in Sources */ = {isa = PBXBuildFile; fileRef = 915218E816AB0E68003000AC /* NetworkingUtilsWin.cpp */; };
		9152190716AB0E69003000AC /* UdpSocketWin.cpp in Sources */ = {isa = PBXBuildFile; fileRef = 915218E916AB0E68003000AC /* UdpSocketWin.cpp */; };
		9152190816AB0E69003000AC /* OscOutboundPacketStream.cpp in Sources */ = {isa = PBXBuildFile; fileRef = 915218EE16AB0E68003000AC /* OscOutboundPacketStream.cpp */; };
		9152190916AB0E69003000AC /* OscPrintReceivedElements.cpp in Sources */ = {isa = PBXBuildFile; fileRef = 915218F116AB0E68003000AC /* OscPrintReceivedElements.cpp */; };
		9152190A16AB0E69003000AC /* OscReceivedElements.cpp in Sources */ = {isa = PBXBuildFile; fileRef = 915218F316AB0E68003000AC /* OscReceivedElements.cpp */; };
		9152190B16AB0E69003000AC /* OscTypes.cpp in Sources */ = {isa = PBXBuildFile; fileRef = 915218F516AB0E68003000AC /* OscTypes.cpp */; };
		9152190C16AB0E69003000AC /* ofxOscBundle.cpp in Sources */ = {isa = PBXBuildFile; fileRef = 915218FA16AB0E68003000AC /* ofxOscBundle.cpp */; };
		9152190D16AB0E69003000AC /* ofxOscMessage.cpp in Sources */ = {isa = PBXBuildFile; fileRef = 915218FC16AB0E68003000AC /* ofxOscMessage.cpp */; };
		9152190E16AB0E69003000AC /* ofxOscReceiver.cpp in Sources */ = {isa = PBXBuildFile; fileRef = 915218FE16AB0E69003000AC /* ofxOscReceiver.cpp */; };
		9152190F16AB0E69003000AC /* ofxOscSender.cpp in Sources */ = {isa = PBXBuildFile; fileRef = 9152190016AB0E69003000AC /* ofxOscSender.cpp */; };
		91BA3F0D165BB0C100BEDAC7 /* QTKit.framework in Frameworks */ = {isa = PBXBuildFile; fileRef = 91BA3F0C165BB0C100BEDAC7 /* QTKit.framework */; };
		91BA3F0F165BB0C700BEDAC7 /* CoreVideo.framework in Frameworks */ = {isa = PBXBuildFile; fileRef = 91BA3F0E165BB0C700BEDAC7 /* CoreVideo.framework */; };
		91BA3F86165BC57100BEDAC7 /* Syphon.framework in Frameworks */ = {isa = PBXBuildFile; fileRef = 91BA3F7C165BC57100BEDAC7 /* Syphon.framework */; };
		91BA3F87165BC57100BEDAC7 /* SyphonNameboundClient.m in Sources */ = {isa = PBXBuildFile; fileRef = 91BA3F7F165BC57100BEDAC7 /* SyphonNameboundClient.m */; };
		91BA3F88165BC57100BEDAC7 /* ofxSyphonClient.mm in Sources */ = {isa = PBXBuildFile; fileRef = 91BA3F83165BC57100BEDAC7 /* ofxSyphonClient.mm */; };
		91BA3F89165BC57100BEDAC7 /* ofxSyphonServer.mm in Sources */ = {isa = PBXBuildFile; fileRef = 91BA3F85165BC57100BEDAC7 /* ofxSyphonServer.mm */; };
		91BA3F8B165BC59100BEDAC7 /* Accelerate.framework in Frameworks */ = {isa = PBXBuildFile; fileRef = 91BA3F8A165BC59100BEDAC7 /* Accelerate.framework */; };
		91BA3F8C165BC60800BEDAC7 /* Syphon.framework in CopyFiles */ = {isa = PBXBuildFile; fileRef = 91BA3F7C165BC57100BEDAC7 /* Syphon.framework */; };
		91FCAA6114607C4400314427 /* Calibration.cpp in Sources */ = {isa = PBXBuildFile; fileRef = 91FCAA5914607C4400314427 /* Calibration.cpp */; };
		91FCAA6214607C4400314427 /* ContourFinder.cpp in Sources */ = {isa = PBXBuildFile; fileRef = 91FCAA5A14607C4400314427 /* ContourFinder.cpp */; };
		91FCAA6314607C4400314427 /* Distance.cpp in Sources */ = {isa = PBXBuildFile; fileRef = 91FCAA5B14607C4400314427 /* Distance.cpp */; };
		91FCAA6414607C4400314427 /* Helpers.cpp in Sources */ = {isa = PBXBuildFile; fileRef = 91FCAA5C14607C4400314427 /* Helpers.cpp */; };
		91FCAA6514607C4400314427 /* RunningBackground.cpp in Sources */ = {isa = PBXBuildFile; fileRef = 91FCAA5D14607C4400314427 /* RunningBackground.cpp */; };
		91FCAA6614607C4400314427 /* Tracker.cpp in Sources */ = {isa = PBXBuildFile; fileRef = 91FCAA5E14607C4400314427 /* Tracker.cpp */; };
		91FCAA6714607C4400314427 /* Utilities.cpp in Sources */ = {isa = PBXBuildFile; fileRef = 91FCAA5F14607C4400314427 /* Utilities.cpp */; };
		91FCAA6814607C4400314427 /* Wrappers.cpp in Sources */ = {isa = PBXBuildFile; fileRef = 91FCAA6014607C4400314427 /* Wrappers.cpp */; };
		91FCAB8314607D4E00314427 /* opencv.a in Frameworks */ = {isa = PBXBuildFile; fileRef = 91FCAB1714607D4C00314427 /* opencv.a */; };
		BBAB23CB13894F3D00AA2426 /* GLUT.framework in CopyFiles */ = {isa = PBXBuildFile; fileRef = BBAB23BE13894E4700AA2426 /* GLUT.framework */; };
		E4328149138ABC9F0047C5CB /* openFrameworksDebug.a in Frameworks */ = {isa = PBXBuildFile; fileRef = E4328148138ABC890047C5CB /* openFrameworksDebug.a */; };
		E45BE97B0E8CC7DD009D7055 /* AGL.framework in Frameworks */ = {isa = PBXBuildFile; fileRef = E45BE9710E8CC7DD009D7055 /* AGL.framework */; };
		E45BE97C0E8CC7DD009D7055 /* ApplicationServices.framework in Frameworks */ = {isa = PBXBuildFile; fileRef = E45BE9720E8CC7DD009D7055 /* ApplicationServices.framework */; };
		E45BE97D0E8CC7DD009D7055 /* AudioToolbox.framework in Frameworks */ = {isa = PBXBuildFile; fileRef = E45BE9730E8CC7DD009D7055 /* AudioToolbox.framework */; };
		E45BE97E0E8CC7DD009D7055 /* Carbon.framework in Frameworks */ = {isa = PBXBuildFile; fileRef = E45BE9740E8CC7DD009D7055 /* Carbon.framework */; };
		E45BE97F0E8CC7DD009D7055 /* CoreAudio.framework in Frameworks */ = {isa = PBXBuildFile; fileRef = E45BE9750E8CC7DD009D7055 /* CoreAudio.framework */; };
		E45BE9800E8CC7DD009D7055 /* CoreFoundation.framework in Frameworks */ = {isa = PBXBuildFile; fileRef = E45BE9760E8CC7DD009D7055 /* CoreFoundation.framework */; };
		E45BE9810E8CC7DD009D7055 /* CoreServices.framework in Frameworks */ = {isa = PBXBuildFile; fileRef = E45BE9770E8CC7DD009D7055 /* CoreServices.framework */; };
		E45BE9830E8CC7DD009D7055 /* OpenGL.framework in Frameworks */ = {isa = PBXBuildFile; fileRef = E45BE9790E8CC7DD009D7055 /* OpenGL.framework */; };
		E45BE9840E8CC7DD009D7055 /* QuickTime.framework in Frameworks */ = {isa = PBXBuildFile; fileRef = E45BE97A0E8CC7DD009D7055 /* QuickTime.framework */; };
		E4B69E200A3A1BDC003C02F2 /* main.cpp in Sources */ = {isa = PBXBuildFile; fileRef = E4B69E1D0A3A1BDC003C02F2 /* main.cpp */; };
		E4B69E210A3A1BDC003C02F2 /* testApp.cpp in Sources */ = {isa = PBXBuildFile; fileRef = E4B69E1E0A3A1BDC003C02F2 /* testApp.cpp */; };
		E4C2424710CC5A17004149E2 /* AppKit.framework in Frameworks */ = {isa = PBXBuildFile; fileRef = E4C2424410CC5A17004149E2 /* AppKit.framework */; };
		E4C2424810CC5A17004149E2 /* Cocoa.framework in Frameworks */ = {isa = PBXBuildFile; fileRef = E4C2424510CC5A17004149E2 /* Cocoa.framework */; };
		E4C2424910CC5A17004149E2 /* IOKit.framework in Frameworks */ = {isa = PBXBuildFile; fileRef = E4C2424610CC5A17004149E2 /* IOKit.framework */; };
		E4EB6799138ADC1D00A09F29 /* GLUT.framework in Frameworks */ = {isa = PBXBuildFile; fileRef = BBAB23BE13894E4700AA2426 /* GLUT.framework */; };
/* End PBXBuildFile section */

/* Begin PBXContainerItemProxy section */
		E4328147138ABC890047C5CB /* PBXContainerItemProxy */ = {
			isa = PBXContainerItemProxy;
			containerPortal = E4328143138ABC890047C5CB /* openFrameworksLib.xcodeproj */;
			proxyType = 2;
			remoteGlobalIDString = E4B27C1510CBEB8E00536013;
			remoteInfo = openFrameworks;
		};
		E4EEB9AB138B136A00A80321 /* PBXContainerItemProxy */ = {
			isa = PBXContainerItemProxy;
			containerPortal = E4328143138ABC890047C5CB /* openFrameworksLib.xcodeproj */;
			proxyType = 1;
			remoteGlobalIDString = E4B27C1410CBEB8E00536013;
			remoteInfo = openFrameworks;
		};
/* End PBXContainerItemProxy section */

/* Begin PBXCopyFilesBuildPhase section */
		E4C2427710CC5ABF004149E2 /* CopyFiles */ = {
			isa = PBXCopyFilesBuildPhase;
			buildActionMask = 2147483647;
			dstPath = "";
			dstSubfolderSpec = 10;
			files = (
				BBAB23CB13894F3D00AA2426 /* GLUT.framework in CopyFiles */,
				91BA3F8C165BC60800BEDAC7 /* Syphon.framework in CopyFiles */,
			);
			runOnlyForDeploymentPostprocessing = 0;
		};
/* End PBXCopyFilesBuildPhase section */

/* Begin PBXFileReference section */
		271CD99013B23BB200854892 /* CLM.cc */ = {isa = PBXFileReference; fileEncoding = 4; lastKnownFileType = sourcecode.cpp.cpp; path = CLM.cc; sourceTree = "<group>"; };
		271CD99113B23BB200854892 /* CLM.h */ = {isa = PBXFileReference; fileEncoding = 4; lastKnownFileType = sourcecode.c.h; path = CLM.h; sourceTree = "<group>"; };
		271CD99213B23BB200854892 /* FCheck.cc */ = {isa = PBXFileReference; fileEncoding = 4; lastKnownFileType = sourcecode.cpp.cpp; path = FCheck.cc; sourceTree = "<group>"; };
		271CD99313B23BB200854892 /* FCheck.h */ = {isa = PBXFileReference; fileEncoding = 4; lastKnownFileType = sourcecode.c.h; path = FCheck.h; sourceTree = "<group>"; };
		271CD99413B23BB200854892 /* FDet.cc */ = {isa = PBXFileReference; fileEncoding = 4; lastKnownFileType = sourcecode.cpp.cpp; path = FDet.cc; sourceTree = "<group>"; };
		271CD99513B23BB200854892 /* FDet.h */ = {isa = PBXFileReference; fileEncoding = 4; lastKnownFileType = sourcecode.c.h; path = FDet.h; sourceTree = "<group>"; };
		271CD99613B23BB200854892 /* IO.cc */ = {isa = PBXFileReference; fileEncoding = 4; lastKnownFileType = sourcecode.cpp.cpp; path = IO.cc; sourceTree = "<group>"; };
		271CD99713B23BB200854892 /* IO.h */ = {isa = PBXFileReference; fileEncoding = 4; lastKnownFileType = sourcecode.c.h; path = IO.h; sourceTree = "<group>"; };
		271CD99813B23BB200854892 /* Patch.cc */ = {isa = PBXFileReference; fileEncoding = 4; lastKnownFileType = sourcecode.cpp.cpp; path = Patch.cc; sourceTree = "<group>"; };
		271CD99913B23BB200854892 /* Patch.h */ = {isa = PBXFileReference; fileEncoding = 4; lastKnownFileType = sourcecode.c.h; path = Patch.h; sourceTree = "<group>"; };
		271CD99A13B23BB200854892 /* PAW.cc */ = {isa = PBXFileReference; fileEncoding = 4; lastKnownFileType = sourcecode.cpp.cpp; path = PAW.cc; sourceTree = "<group>"; };
		271CD99B13B23BB200854892 /* PAW.h */ = {isa = PBXFileReference; fileEncoding = 4; lastKnownFileType = sourcecode.c.h; path = PAW.h; sourceTree = "<group>"; };
		271CD99C13B23BB200854892 /* PDM.cc */ = {isa = PBXFileReference; fileEncoding = 4; lastKnownFileType = sourcecode.cpp.cpp; path = PDM.cc; sourceTree = "<group>"; };
		271CD99D13B23BB200854892 /* PDM.h */ = {isa = PBXFileReference; fileEncoding = 4; lastKnownFileType = sourcecode.c.h; path = PDM.h; sourceTree = "<group>"; };
		271CD99E13B23BB200854892 /* Tracker.cc */ = {isa = PBXFileReference; fileEncoding = 4; lastKnownFileType = sourcecode.cpp.cpp; path = Tracker.cc; sourceTree = "<group>"; };
		271CD99F13B23BB200854892 /* Tracker.h */ = {isa = PBXFileReference; fileEncoding = 4; lastKnownFileType = sourcecode.c.h; path = Tracker.h; sourceTree = "<group>"; };
		271CD9A213B23BB200854892 /* ofxFaceTracker.cpp */ = {isa = PBXFileReference; fileEncoding = 4; lastKnownFileType = sourcecode.cpp.cpp; path = ofxFaceTracker.cpp; sourceTree = "<group>"; };
		271CD9A313B23BB200854892 /* ofxFaceTracker.h */ = {isa = PBXFileReference; fileEncoding = 4; lastKnownFileType = sourcecode.c.h; path = ofxFaceTracker.h; sourceTree = "<group>"; };
		276A5857142A1CDB00B635EA /* MaskBlur.frag */ = {isa = PBXFileReference; fileEncoding = 4; lastKnownFileType = sourcecode.glsl; name = MaskBlur.frag; path = bin/data/MaskBlur.frag; sourceTree = SOURCE_ROOT; };
		276A5908142A261200B635EA /* Clone.frag */ = {isa = PBXFileReference; fileEncoding = 4; lastKnownFileType = sourcecode.glsl; name = Clone.frag; path = bin/data/Clone.frag; sourceTree = SOURCE_ROOT; };
		276A5A6E142A3CDF00B635EA /* BlurAlpha.frag */ = {isa = PBXFileReference; fileEncoding = 4; lastKnownFileType = sourcecode.glsl; name = BlurAlpha.frag; path = bin/data/BlurAlpha.frag; sourceTree = SOURCE_ROOT; };
		276A5C7F142A5E1900B635EA /* Voronoi.frag */ = {isa = PBXFileReference; fileEncoding = 4; lastKnownFileType = sourcecode.glsl; name = Voronoi.frag; path = bin/data/Voronoi.frag; sourceTree = SOURCE_ROOT; };
		91164D4B16636E4F00E4D751 /* DynamicInput.cpp */ = {isa = PBXFileReference; fileEncoding = 4; lastKnownFileType = sourcecode.cpp.cpp; path = DynamicInput.cpp; sourceTree = "<group>"; };
		91164D4C16636E4F00E4D751 /* DynamicInput.h */ = {isa = PBXFileReference; fileEncoding = 4; lastKnownFileType = sourcecode.c.h; path = DynamicInput.h; sourceTree = "<group>"; };
		914050D716AEBD86009356D3 /* RadialBlur.frag */ = {isa = PBXFileReference; fileEncoding = 4; lastKnownFileType = sourcecode.glsl; name = RadialBlur.frag; path = bin/data/RadialBlur.frag; sourceTree = SOURCE_ROOT; };
		915218D616AB0E68003000AC /* install.xml */ = {isa = PBXFileReference; fileEncoding = 4; lastKnownFileType = text.xml; path = install.xml; sourceTree = "<group>"; };
		915218DB16AB0E68003000AC /* osc.a */ = {isa = PBXFileReference; lastKnownFileType = archive.ar; path = osc.a; sourceTree = "<group>"; };
		915218DE16AB0E68003000AC /* IpEndpointName.cpp */ = {isa = PBXFileReference; fileEncoding = 4; lastKnownFileType = sourcecode.cpp.cpp; path = IpEndpointName.cpp; sourceTree = "<group>"; };
		915218DF16AB0E68003000AC /* IpEndpointName.h */ = {isa = PBXFileReference; fileEncoding = 4; lastKnownFileType = sourcecode.c.h; path = IpEndpointName.h; sourceTree = "<group>"; };
		915218E016AB0E68003000AC /* NetworkingUtils.h */ = {isa = PBXFileReference; fileEncoding = 4; lastKnownFileType = sourcecode.c.h; path = NetworkingUtils.h; sourceTree = "<group>"; };
		915218E116AB0E68003000AC /* PacketListener.h */ = {isa = PBXFileReference; fileEncoding = 4; lastKnownFileType = sourcecode.c.h; path = PacketListener.h; sourceTree = "<group>"; };
		915218E316AB0E68003000AC /* NetworkingUtils.cpp */ = {isa = PBXFileReference; fileEncoding = 4; lastKnownFileType = sourcecode.cpp.cpp; path = NetworkingUtils.cpp; sourceTree = "<group>"; };
		915218E416AB0E68003000AC /* UdpSocket.cpp */ = {isa = PBXFileReference; fileEncoding = 4; lastKnownFileType = sourcecode.cpp.cpp; path = UdpSocket.cpp; sourceTree = "<group>"; };
		915218E516AB0E68003000AC /* TimerListener.h */ = {isa = PBXFileReference; fileEncoding = 4; lastKnownFileType = sourcecode.c.h; path = TimerListener.h; sourceTree = "<group>"; };
		915218E616AB0E68003000AC /* UdpSocket.h */ = {isa = PBXFileReference; fileEncoding = 4; lastKnownFileType = sourcecode.c.h; path = UdpSocket.h; sourceTree = "<group>"; };
		915218E816AB0E68003000AC /* NetworkingUtilsWin.cpp */ = {isa = PBXFileReference; fileEncoding = 4; lastKnownFileType = sourcecode.cpp.cpp; path = NetworkingUtilsWin.cpp; sourceTree = "<group>"; };
		915218E916AB0E68003000AC /* UdpSocketWin.cpp */ = {isa = PBXFileReference; fileEncoding = 4; lastKnownFileType = sourcecode.cpp.cpp; path = UdpSocketWin.cpp; sourceTree = "<group>"; };
		915218EB16AB0E68003000AC /* MessageMappingOscPacketListener.h */ = {isa = PBXFileReference; fileEncoding = 4; lastKnownFileType = sourcecode.c.h; path = MessageMappingOscPacketListener.h; sourceTree = "<group>"; };
		915218EC16AB0E68003000AC /* OscException.h */ = {isa = PBXFileReference; fileEncoding = 4; lastKnownFileType = sourcecode.c.h; path = OscException.h; sourceTree = "<group>"; };
		915218ED16AB0E68003000AC /* OscHostEndianness.h */ = {isa = PBXFileReference; fileEncoding = 4; lastKnownFileType = sourcecode.c.h; path = OscHostEndianness.h; sourceTree = "<group>"; };
		915218EE16AB0E68003000AC /* OscOutboundPacketStream.cpp */ = {isa = PBXFileReference; fileEncoding = 4; lastKnownFileType = sourcecode.cpp.cpp; path = OscOutboundPacketStream.cpp; sourceTree = "<group>"; };
		915218EF16AB0E68003000AC /* OscOutboundPacketStream.h */ = {isa = PBXFileReference; fileEncoding = 4; lastKnownFileType = sourcecode.c.h; path = OscOutboundPacketStream.h; sourceTree = "<group>"; };
		915218F016AB0E68003000AC /* OscPacketListener.h */ = {isa = PBXFileReference; fileEncoding = 4; lastKnownFileType = sourcecode.c.h; path = OscPacketListener.h; sourceTree = "<group>"; };
		915218F116AB0E68003000AC /* OscPrintReceivedElements.cpp */ = {isa = PBXFileReference; fileEncoding = 4; lastKnownFileType = sourcecode.cpp.cpp; path = OscPrintReceivedElements.cpp; sourceTree = "<group>"; };
		915218F216AB0E68003000AC /* OscPrintReceivedElements.h */ = {isa = PBXFileReference; fileEncoding = 4; lastKnownFileType = sourcecode.c.h; path = OscPrintReceivedElements.h; sourceTree = "<group>"; };
		915218F316AB0E68003000AC /* OscReceivedElements.cpp */ = {isa = PBXFileReference; fileEncoding = 4; lastKnownFileType = sourcecode.cpp.cpp; path = OscReceivedElements.cpp; sourceTree = "<group>"; };
		915218F416AB0E68003000AC /* OscReceivedElements.h */ = {isa = PBXFileReference; fileEncoding = 4; lastKnownFileType = sourcecode.c.h; path = OscReceivedElements.h; sourceTree = "<group>"; };
		915218F516AB0E68003000AC /* OscTypes.cpp */ = {isa = PBXFileReference; fileEncoding = 4; lastKnownFileType = sourcecode.cpp.cpp; path = OscTypes.cpp; sourceTree = "<group>"; };
		915218F616AB0E68003000AC /* OscTypes.h */ = {isa = PBXFileReference; fileEncoding = 4; lastKnownFileType = sourcecode.c.h; path = OscTypes.h; sourceTree = "<group>"; };
		915218F816AB0E68003000AC /* ofxOsc.h */ = {isa = PBXFileReference; fileEncoding = 4; lastKnownFileType = sourcecode.c.h; path = ofxOsc.h; sourceTree = "<group>"; };
		915218F916AB0E68003000AC /* ofxOscArg.h */ = {isa = PBXFileReference; fileEncoding = 4; lastKnownFileType = sourcecode.c.h; path = ofxOscArg.h; sourceTree = "<group>"; };
		915218FA16AB0E68003000AC /* ofxOscBundle.cpp */ = {isa = PBXFileReference; fileEncoding = 4; lastKnownFileType = sourcecode.cpp.cpp; path = ofxOscBundle.cpp; sourceTree = "<group>"; };
		915218FB16AB0E68003000AC /* ofxOscBundle.h */ = {isa = PBXFileReference; fileEncoding = 4; lastKnownFileType = sourcecode.c.h; path = ofxOscBundle.h; sourceTree = "<group>"; };
		915218FC16AB0E68003000AC /* ofxOscMessage.cpp */ = {isa = PBXFileReference; fileEncoding = 4; lastKnownFileType = sourcecode.cpp.cpp; path = ofxOscMessage.cpp; sourceTree = "<group>"; };
		915218FD16AB0E68003000AC /* ofxOscMessage.h */ = {isa = PBXFileReference; fileEncoding = 4; lastKnownFileType = sourcecode.c.h; path = ofxOscMessage.h; sourceTree = "<group>"; };
		915218FE16AB0E69003000AC /* ofxOscReceiver.cpp */ = {isa = PBXFileReference; fileEncoding = 4; lastKnownFileType = sourcecode.cpp.cpp; path = ofxOscReceiver.cpp; sourceTree = "<group>"; };
		915218FF16AB0E69003000AC /* ofxOscReceiver.h */ = {isa = PBXFileReference; fileEncoding = 4; lastKnownFileType = sourcecode.c.h; path = ofxOscReceiver.h; sourceTree = "<group>"; };
		9152190016AB0E69003000AC /* ofxOscSender.cpp */ = {isa = PBXFileReference; fileEncoding = 4; lastKnownFileType = sourcecode.cpp.cpp; path = ofxOscSender.cpp; sourceTree = "<group>"; };
		9152190116AB0E69003000AC /* ofxOscSender.h */ = {isa = PBXFileReference; fileEncoding = 4; lastKnownFileType = sourcecode.c.h; path = ofxOscSender.h; sourceTree = "<group>"; };
		91BA3F0C165BB0C100BEDAC7 /* QTKit.framework */ = {isa = PBXFileReference; lastKnownFileType = wrapper.framework; name = QTKit.framework; path = /System/Library/Frameworks/QTKit.framework; sourceTree = "<absolute>"; };
		91BA3F0E165BB0C700BEDAC7 /* CoreVideo.framework */ = {isa = PBXFileReference; lastKnownFileType = wrapper.framework; name = CoreVideo.framework; path = /System/Library/Frameworks/CoreVideo.framework; sourceTree = "<absolute>"; };
		91BA3F77165BC57100BEDAC7 /* install.xml */ = {isa = PBXFileReference; fileEncoding = 4; lastKnownFileType = text.xml; path = install.xml; sourceTree = "<group>"; };
		91BA3F7C165BC57100BEDAC7 /* Syphon.framework */ = {isa = PBXFileReference; lastKnownFileType = wrapper.framework; path = Syphon.framework; sourceTree = "<group>"; };
		91BA3F7E165BC57100BEDAC7 /* SyphonNameboundClient.h */ = {isa = PBXFileReference; fileEncoding = 4; lastKnownFileType = sourcecode.c.h; path = SyphonNameboundClient.h; sourceTree = "<group>"; };
		91BA3F7F165BC57100BEDAC7 /* SyphonNameboundClient.m */ = {isa = PBXFileReference; fileEncoding = 4; lastKnownFileType = sourcecode.c.objc; path = SyphonNameboundClient.m; sourceTree = "<group>"; };
		91BA3F81165BC57100BEDAC7 /* ofxSyphon.h */ = {isa = PBXFileReference; fileEncoding = 4; lastKnownFileType = sourcecode.c.h; path = ofxSyphon.h; sourceTree = "<group>"; };
		91BA3F82165BC57100BEDAC7 /* ofxSyphonClient.h */ = {isa = PBXFileReference; fileEncoding = 4; lastKnownFileType = sourcecode.c.h; path = ofxSyphonClient.h; sourceTree = "<group>"; };
		91BA3F83165BC57100BEDAC7 /* ofxSyphonClient.mm */ = {isa = PBXFileReference; fileEncoding = 4; lastKnownFileType = sourcecode.cpp.objcpp; path = ofxSyphonClient.mm; sourceTree = "<group>"; };
		91BA3F84165BC57100BEDAC7 /* ofxSyphonServer.h */ = {isa = PBXFileReference; fileEncoding = 4; lastKnownFileType = sourcecode.c.h; path = ofxSyphonServer.h; sourceTree = "<group>"; };
		91BA3F85165BC57100BEDAC7 /* ofxSyphonServer.mm */ = {isa = PBXFileReference; fileEncoding = 4; lastKnownFileType = sourcecode.cpp.objcpp; path = ofxSyphonServer.mm; sourceTree = "<group>"; };
		91BA3F8A165BC59100BEDAC7 /* Accelerate.framework */ = {isa = PBXFileReference; lastKnownFileType = wrapper.framework; name = Accelerate.framework; path = /System/Library/Frameworks/Accelerate.framework; sourceTree = "<absolute>"; };
		91FCAA5014607C4400314427 /* Calibration.h */ = {isa = PBXFileReference; fileEncoding = 4; lastKnownFileType = sourcecode.c.h; path = Calibration.h; sourceTree = "<group>"; };
		91FCAA5114607C4400314427 /* ContourFinder.h */ = {isa = PBXFileReference; fileEncoding = 4; lastKnownFileType = sourcecode.c.h; path = ContourFinder.h; sourceTree = "<group>"; };
		91FCAA5214607C4400314427 /* Distance.h */ = {isa = PBXFileReference; fileEncoding = 4; lastKnownFileType = sourcecode.c.h; path = Distance.h; sourceTree = "<group>"; };
		91FCAA5314607C4400314427 /* Helpers.h */ = {isa = PBXFileReference; fileEncoding = 4; lastKnownFileType = sourcecode.c.h; path = Helpers.h; sourceTree = "<group>"; };
		91FCAA5414607C4400314427 /* RunningBackground.h */ = {isa = PBXFileReference; fileEncoding = 4; lastKnownFileType = sourcecode.c.h; path = RunningBackground.h; sourceTree = "<group>"; };
		91FCAA5514607C4400314427 /* Tracker.h */ = {isa = PBXFileReference; fileEncoding = 4; lastKnownFileType = sourcecode.c.h; path = Tracker.h; sourceTree = "<group>"; };
		91FCAA5614607C4400314427 /* Utilities.h */ = {isa = PBXFileReference; fileEncoding = 4; lastKnownFileType = sourcecode.c.h; path = Utilities.h; sourceTree = "<group>"; };
		91FCAA5714607C4400314427 /* Wrappers.h */ = {isa = PBXFileReference; fileEncoding = 4; lastKnownFileType = sourcecode.c.h; path = Wrappers.h; sourceTree = "<group>"; };
		91FCAA5914607C4400314427 /* Calibration.cpp */ = {isa = PBXFileReference; fileEncoding = 4; lastKnownFileType = sourcecode.cpp.cpp; path = Calibration.cpp; sourceTree = "<group>"; };
		91FCAA5A14607C4400314427 /* ContourFinder.cpp */ = {isa = PBXFileReference; fileEncoding = 4; lastKnownFileType = sourcecode.cpp.cpp; path = ContourFinder.cpp; sourceTree = "<group>"; };
		91FCAA5B14607C4400314427 /* Distance.cpp */ = {isa = PBXFileReference; fileEncoding = 4; lastKnownFileType = sourcecode.cpp.cpp; path = Distance.cpp; sourceTree = "<group>"; };
		91FCAA5C14607C4400314427 /* Helpers.cpp */ = {isa = PBXFileReference; fileEncoding = 4; lastKnownFileType = sourcecode.cpp.cpp; path = Helpers.cpp; sourceTree = "<group>"; };
		91FCAA5D14607C4400314427 /* RunningBackground.cpp */ = {isa = PBXFileReference; fileEncoding = 4; lastKnownFileType = sourcecode.cpp.cpp; path = RunningBackground.cpp; sourceTree = "<group>"; };
		91FCAA5E14607C4400314427 /* Tracker.cpp */ = {isa = PBXFileReference; fileEncoding = 4; lastKnownFileType = sourcecode.cpp.cpp; path = Tracker.cpp; sourceTree = "<group>"; };
		91FCAA5F14607C4400314427 /* Utilities.cpp */ = {isa = PBXFileReference; fileEncoding = 4; lastKnownFileType = sourcecode.cpp.cpp; path = Utilities.cpp; sourceTree = "<group>"; };
		91FCAA6014607C4400314427 /* Wrappers.cpp */ = {isa = PBXFileReference; fileEncoding = 4; lastKnownFileType = sourcecode.cpp.cpp; path = Wrappers.cpp; sourceTree = "<group>"; };
		91FCAA7414607CE400314427 /* ofxCv.h */ = {isa = PBXFileReference; fileEncoding = 4; lastKnownFileType = sourcecode.c.h; path = ofxCv.h; sourceTree = "<group>"; };
		91FCAA8314607D4C00314427 /* cv.h */ = {isa = PBXFileReference; fileEncoding = 4; lastKnownFileType = sourcecode.c.h; path = cv.h; sourceTree = "<group>"; };
		91FCAA8414607D4C00314427 /* cv.hpp */ = {isa = PBXFileReference; fileEncoding = 4; lastKnownFileType = sourcecode.cpp.h; path = cv.hpp; sourceTree = "<group>"; };
		91FCAA8514607D4C00314427 /* cvaux.h */ = {isa = PBXFileReference; fileEncoding = 4; lastKnownFileType = sourcecode.c.h; path = cvaux.h; sourceTree = "<group>"; };
		91FCAA8614607D4C00314427 /* cvaux.hpp */ = {isa = PBXFileReference; fileEncoding = 4; lastKnownFileType = sourcecode.cpp.h; path = cvaux.hpp; sourceTree = "<group>"; };
		91FCAA8714607D4C00314427 /* cvwimage.h */ = {isa = PBXFileReference; fileEncoding = 4; lastKnownFileType = sourcecode.c.h; path = cvwimage.h; sourceTree = "<group>"; };
		91FCAA8814607D4C00314427 /* cxcore.h */ = {isa = PBXFileReference; fileEncoding = 4; lastKnownFileType = sourcecode.c.h; path = cxcore.h; sourceTree = "<group>"; };
		91FCAA8914607D4C00314427 /* cxcore.hpp */ = {isa = PBXFileReference; fileEncoding = 4; lastKnownFileType = sourcecode.cpp.h; path = cxcore.hpp; sourceTree = "<group>"; };
		91FCAA8A14607D4C00314427 /* cxeigen.hpp */ = {isa = PBXFileReference; fileEncoding = 4; lastKnownFileType = sourcecode.cpp.h; path = cxeigen.hpp; sourceTree = "<group>"; };
		91FCAA8B14607D4C00314427 /* cxmisc.h */ = {isa = PBXFileReference; fileEncoding = 4; lastKnownFileType = sourcecode.c.h; path = cxmisc.h; sourceTree = "<group>"; };
		91FCAA8C14607D4C00314427 /* highgui.h */ = {isa = PBXFileReference; fileEncoding = 4; lastKnownFileType = sourcecode.c.h; path = highgui.h; sourceTree = "<group>"; };
		91FCAA8D14607D4C00314427 /* ml.h */ = {isa = PBXFileReference; fileEncoding = 4; lastKnownFileType = sourcecode.c.h; path = ml.h; sourceTree = "<group>"; };
		91FCAA9014607D4C00314427 /* calib3d.hpp */ = {isa = PBXFileReference; fileEncoding = 4; lastKnownFileType = sourcecode.cpp.h; path = calib3d.hpp; sourceTree = "<group>"; };
		91FCAA9214607D4C00314427 /* contrib.hpp */ = {isa = PBXFileReference; fileEncoding = 4; lastKnownFileType = sourcecode.cpp.h; path = contrib.hpp; sourceTree = "<group>"; };
		91FCAA9414607D4C00314427 /* core.hpp */ = {isa = PBXFileReference; fileEncoding = 4; lastKnownFileType = sourcecode.cpp.h; path = core.hpp; sourceTree = "<group>"; };
		91FCAA9514607D4C00314427 /* core_c.h */ = {isa = PBXFileReference; fileEncoding = 4; lastKnownFileType = sourcecode.c.h; path = core_c.h; sourceTree = "<group>"; };
		91FCAA9614607D4C00314427 /* eigen.hpp */ = {isa = PBXFileReference; fileEncoding = 4; lastKnownFileType = sourcecode.cpp.h; path = eigen.hpp; sourceTree = "<group>"; };
		91FCAA9714607D4C00314427 /* internal.hpp */ = {isa = PBXFileReference; fileEncoding = 4; lastKnownFileType = sourcecode.cpp.h; path = internal.hpp; sourceTree = "<group>"; };
		91FCAA9814607D4C00314427 /* mat.hpp */ = {isa = PBXFileReference; fileEncoding = 4; lastKnownFileType = sourcecode.cpp.h; path = mat.hpp; sourceTree = "<group>"; };
		91FCAA9914607D4C00314427 /* operations.hpp */ = {isa = PBXFileReference; fileEncoding = 4; lastKnownFileType = sourcecode.cpp.h; path = operations.hpp; sourceTree = "<group>"; };
		91FCAA9A14607D4C00314427 /* types_c.h */ = {isa = PBXFileReference; fileEncoding = 4; lastKnownFileType = sourcecode.c.h; path = types_c.h; sourceTree = "<group>"; };
		91FCAA9B14607D4C00314427 /* version.hpp */ = {isa = PBXFileReference; fileEncoding = 4; lastKnownFileType = sourcecode.cpp.h; path = version.hpp; sourceTree = "<group>"; };
		91FCAA9C14607D4C00314427 /* wimage.hpp */ = {isa = PBXFileReference; fileEncoding = 4; lastKnownFileType = sourcecode.cpp.h; path = wimage.hpp; sourceTree = "<group>"; };
		91FCAA9E14607D4C00314427 /* features2d.hpp */ = {isa = PBXFileReference; fileEncoding = 4; lastKnownFileType = sourcecode.cpp.h; path = features2d.hpp; sourceTree = "<group>"; };
		91FCAAA014607D4C00314427 /* all_indices.h */ = {isa = PBXFileReference; fileEncoding = 4; lastKnownFileType = sourcecode.c.h; path = all_indices.h; sourceTree = "<group>"; };
		91FCAAA114607D4C00314427 /* allocator.h */ = {isa = PBXFileReference; fileEncoding = 4; lastKnownFileType = sourcecode.c.h; path = allocator.h; sourceTree = "<group>"; };
		91FCAAA214607D4C00314427 /* autotuned_index.h */ = {isa = PBXFileReference; fileEncoding = 4; lastKnownFileType = sourcecode.c.h; path = autotuned_index.h; sourceTree = "<group>"; };
		91FCAAA314607D4C00314427 /* composite_index.h */ = {isa = PBXFileReference; fileEncoding = 4; lastKnownFileType = sourcecode.c.h; path = composite_index.h; sourceTree = "<group>"; };
		91FCAAA414607D4C00314427 /* dist.h */ = {isa = PBXFileReference; fileEncoding = 4; lastKnownFileType = sourcecode.c.h; path = dist.h; sourceTree = "<group>"; };
		91FCAAA514607D4C00314427 /* flann.hpp */ = {isa = PBXFileReference; fileEncoding = 4; lastKnownFileType = sourcecode.cpp.h; path = flann.hpp; sourceTree = "<group>"; };
		91FCAAA614607D4C00314427 /* flann_base.hpp */ = {isa = PBXFileReference; fileEncoding = 4; lastKnownFileType = sourcecode.cpp.h; path = flann_base.hpp; sourceTree = "<group>"; };
		91FCAAA714607D4C00314427 /* general.h */ = {isa = PBXFileReference; fileEncoding = 4; lastKnownFileType = sourcecode.c.h; path = general.h; sourceTree = "<group>"; };
		91FCAAA814607D4C00314427 /* ground_truth.h */ = {isa = PBXFileReference; fileEncoding = 4; lastKnownFileType = sourcecode.c.h; path = ground_truth.h; sourceTree = "<group>"; };
		91FCAAA914607D4C00314427 /* hdf5.h */ = {isa = PBXFileReference; fileEncoding = 4; lastKnownFileType = sourcecode.c.h; path = hdf5.h; sourceTree = "<group>"; };
		91FCAAAA14607D4C00314427 /* heap.h */ = {isa = PBXFileReference; fileEncoding = 4; lastKnownFileType = sourcecode.c.h; path = heap.h; sourceTree = "<group>"; };
		91FCAAAB14607D4C00314427 /* index_testing.h */ = {isa = PBXFileReference; fileEncoding = 4; lastKnownFileType = sourcecode.c.h; path = index_testing.h; sourceTree = "<group>"; };
		91FCAAAC14607D4C00314427 /* kdtree_index.h */ = {isa = PBXFileReference; fileEncoding = 4; lastKnownFileType = sourcecode.c.h; path = kdtree_index.h; sourceTree = "<group>"; };
		91FCAAAD14607D4C00314427 /* kmeans_index.h */ = {isa = PBXFileReference; fileEncoding = 4; lastKnownFileType = sourcecode.c.h; path = kmeans_index.h; sourceTree = "<group>"; };
		91FCAAAE14607D4C00314427 /* linear_index.h */ = {isa = PBXFileReference; fileEncoding = 4; lastKnownFileType = sourcecode.c.h; path = linear_index.h; sourceTree = "<group>"; };
		91FCAAAF14607D4C00314427 /* logger.h */ = {isa = PBXFileReference; fileEncoding = 4; lastKnownFileType = sourcecode.c.h; path = logger.h; sourceTree = "<group>"; };
		91FCAAB014607D4C00314427 /* matrix.h */ = {isa = PBXFileReference; fileEncoding = 4; lastKnownFileType = sourcecode.c.h; path = matrix.h; sourceTree = "<group>"; };
		91FCAAB114607D4C00314427 /* nn_index.h */ = {isa = PBXFileReference; fileEncoding = 4; lastKnownFileType = sourcecode.c.h; path = nn_index.h; sourceTree = "<group>"; };
		91FCAAB214607D4C00314427 /* object_factory.h */ = {isa = PBXFileReference; fileEncoding = 4; lastKnownFileType = sourcecode.c.h; path = object_factory.h; sourceTree = "<group>"; };
		91FCAAB314607D4C00314427 /* random.h */ = {isa = PBXFileReference; fileEncoding = 4; lastKnownFileType = sourcecode.c.h; path = random.h; sourceTree = "<group>"; };
		91FCAAB414607D4C00314427 /* result_set.h */ = {isa = PBXFileReference; fileEncoding = 4; lastKnownFileType = sourcecode.c.h; path = result_set.h; sourceTree = "<group>"; };
		91FCAAB514607D4C00314427 /* sampling.h */ = {isa = PBXFileReference; fileEncoding = 4; lastKnownFileType = sourcecode.c.h; path = sampling.h; sourceTree = "<group>"; };
		91FCAAB614607D4C00314427 /* saving.h */ = {isa = PBXFileReference; fileEncoding = 4; lastKnownFileType = sourcecode.c.h; path = saving.h; sourceTree = "<group>"; };
		91FCAAB714607D4C00314427 /* simplex_downhill.h */ = {isa = PBXFileReference; fileEncoding = 4; lastKnownFileType = sourcecode.c.h; path = simplex_downhill.h; sourceTree = "<group>"; };
		91FCAAB814607D4C00314427 /* timer.h */ = {isa = PBXFileReference; fileEncoding = 4; lastKnownFileType = sourcecode.c.h; path = timer.h; sourceTree = "<group>"; };
		91FCAABA14607D4C00314427 /* devmem2d.hpp */ = {isa = PBXFileReference; fileEncoding = 4; lastKnownFileType = sourcecode.cpp.h; path = devmem2d.hpp; sourceTree = "<group>"; };
		91FCAABB14607D4C00314427 /* gpu.hpp */ = {isa = PBXFileReference; fileEncoding = 4; lastKnownFileType = sourcecode.cpp.h; path = gpu.hpp; sourceTree = "<group>"; };
		91FCAABC14607D4C00314427 /* matrix_operations.hpp */ = {isa = PBXFileReference; fileEncoding = 4; lastKnownFileType = sourcecode.cpp.h; path = matrix_operations.hpp; sourceTree = "<group>"; };
		91FCAABD14607D4C00314427 /* stream_accessor.hpp */ = {isa = PBXFileReference; fileEncoding = 4; lastKnownFileType = sourcecode.cpp.h; path = stream_accessor.hpp; sourceTree = "<group>"; };
		91FCAABF14607D4C00314427 /* highgui.hpp */ = {isa = PBXFileReference; fileEncoding = 4; lastKnownFileType = sourcecode.cpp.h; path = highgui.hpp; sourceTree = "<group>"; };
		91FCAAC014607D4C00314427 /* highgui_c.h */ = {isa = PBXFileReference; fileEncoding = 4; lastKnownFileType = sourcecode.c.h; path = highgui_c.h; sourceTree = "<group>"; };
		91FCAAC214607D4C00314427 /* imgproc.hpp */ = {isa = PBXFileReference; fileEncoding = 4; lastKnownFileType = sourcecode.cpp.h; path = imgproc.hpp; sourceTree = "<group>"; };
		91FCAAC314607D4C00314427 /* imgproc_c.h */ = {isa = PBXFileReference; fileEncoding = 4; lastKnownFileType = sourcecode.c.h; path = imgproc_c.h; sourceTree = "<group>"; };
		91FCAAC414607D4C00314427 /* types_c.h */ = {isa = PBXFileReference; fileEncoding = 4; lastKnownFileType = sourcecode.c.h; path = types_c.h; sourceTree = "<group>"; };
		91FCAAC614607D4C00314427 /* blobtrack.hpp */ = {isa = PBXFileReference; fileEncoding = 4; lastKnownFileType = sourcecode.cpp.h; path = blobtrack.hpp; sourceTree = "<group>"; };
		91FCAAC714607D4C00314427 /* compat.hpp */ = {isa = PBXFileReference; fileEncoding = 4; lastKnownFileType = sourcecode.cpp.h; path = compat.hpp; sourceTree = "<group>"; };
		91FCAAC814607D4C00314427 /* legacy.hpp */ = {isa = PBXFileReference; fileEncoding = 4; lastKnownFileType = sourcecode.cpp.h; path = legacy.hpp; sourceTree = "<group>"; };
		91FCAAC914607D4C00314427 /* streams.hpp */ = {isa = PBXFileReference; fileEncoding = 4; lastKnownFileType = sourcecode.cpp.h; path = streams.hpp; sourceTree = "<group>"; };
		91FCAACB14607D4C00314427 /* ml.hpp */ = {isa = PBXFileReference; fileEncoding = 4; lastKnownFileType = sourcecode.cpp.h; path = ml.hpp; sourceTree = "<group>"; };
		91FCAACD14607D4C00314427 /* objdetect.hpp */ = {isa = PBXFileReference; fileEncoding = 4; lastKnownFileType = sourcecode.cpp.h; path = objdetect.hpp; sourceTree = "<group>"; };
		91FCAACE14607D4C00314427 /* opencv.hpp */ = {isa = PBXFileReference; fileEncoding = 4; lastKnownFileType = sourcecode.cpp.h; path = opencv.hpp; sourceTree = "<group>"; };
		91FCAAD014607D4C00314427 /* background_segm.hpp */ = {isa = PBXFileReference; fileEncoding = 4; lastKnownFileType = sourcecode.cpp.h; path = background_segm.hpp; sourceTree = "<group>"; };
		91FCAAD114607D4C00314427 /* tracking.hpp */ = {isa = PBXFileReference; fileEncoding = 4; lastKnownFileType = sourcecode.cpp.h; path = tracking.hpp; sourceTree = "<group>"; };
		91FCAB1714607D4C00314427 /* opencv.a */ = {isa = PBXFileReference; lastKnownFileType = archive.ar; path = opencv.a; sourceTree = "<group>"; };
		BBAB23BE13894E4700AA2426 /* GLUT.framework */ = {isa = PBXFileReference; lastKnownFileType = wrapper.framework; name = GLUT.framework; path = ../../../libs/glut/lib/osx/GLUT.framework; sourceTree = "<group>"; };
		E4328143138ABC890047C5CB /* openFrameworksLib.xcodeproj */ = {isa = PBXFileReference; lastKnownFileType = "wrapper.pb-project"; name = openFrameworksLib.xcodeproj; path = ../../../libs/openFrameworksCompiled/project/osx/openFrameworksLib.xcodeproj; sourceTree = SOURCE_ROOT; };
		E45BE9710E8CC7DD009D7055 /* AGL.framework */ = {isa = PBXFileReference; lastKnownFileType = wrapper.framework; name = AGL.framework; path = /System/Library/Frameworks/AGL.framework; sourceTree = "<absolute>"; };
		E45BE9720E8CC7DD009D7055 /* ApplicationServices.framework */ = {isa = PBXFileReference; lastKnownFileType = wrapper.framework; name = ApplicationServices.framework; path = /System/Library/Frameworks/ApplicationServices.framework; sourceTree = "<absolute>"; };
		E45BE9730E8CC7DD009D7055 /* AudioToolbox.framework */ = {isa = PBXFileReference; lastKnownFileType = wrapper.framework; name = AudioToolbox.framework; path = /System/Library/Frameworks/AudioToolbox.framework; sourceTree = "<absolute>"; };
		E45BE9740E8CC7DD009D7055 /* Carbon.framework */ = {isa = PBXFileReference; lastKnownFileType = wrapper.framework; name = Carbon.framework; path = /System/Library/Frameworks/Carbon.framework; sourceTree = "<absolute>"; };
		E45BE9750E8CC7DD009D7055 /* CoreAudio.framework */ = {isa = PBXFileReference; lastKnownFileType = wrapper.framework; name = CoreAudio.framework; path = /System/Library/Frameworks/CoreAudio.framework; sourceTree = "<absolute>"; };
		E45BE9760E8CC7DD009D7055 /* CoreFoundation.framework */ = {isa = PBXFileReference; lastKnownFileType = wrapper.framework; name = CoreFoundation.framework; path = /System/Library/Frameworks/CoreFoundation.framework; sourceTree = "<absolute>"; };
		E45BE9770E8CC7DD009D7055 /* CoreServices.framework */ = {isa = PBXFileReference; lastKnownFileType = wrapper.framework; name = CoreServices.framework; path = /System/Library/Frameworks/CoreServices.framework; sourceTree = "<absolute>"; };
		E45BE9790E8CC7DD009D7055 /* OpenGL.framework */ = {isa = PBXFileReference; lastKnownFileType = wrapper.framework; name = OpenGL.framework; path = /System/Library/Frameworks/OpenGL.framework; sourceTree = "<absolute>"; };
		E45BE97A0E8CC7DD009D7055 /* QuickTime.framework */ = {isa = PBXFileReference; lastKnownFileType = wrapper.framework; name = QuickTime.framework; path = /System/Library/Frameworks/QuickTime.framework; sourceTree = "<absolute>"; };
		E4B69B5B0A3A1756003C02F2 /* ProsopagnosiaDebug.app */ = {isa = PBXFileReference; explicitFileType = wrapper.application; includeInIndex = 0; path = ProsopagnosiaDebug.app; sourceTree = BUILT_PRODUCTS_DIR; };
		E4B69E1D0A3A1BDC003C02F2 /* main.cpp */ = {isa = PBXFileReference; fileEncoding = 30; lastKnownFileType = sourcecode.cpp.cpp; name = main.cpp; path = src/main.cpp; sourceTree = SOURCE_ROOT; };
		E4B69E1E0A3A1BDC003C02F2 /* testApp.cpp */ = {isa = PBXFileReference; explicitFileType = sourcecode.cpp.cpp; fileEncoding = 30; name = testApp.cpp; path = src/testApp.cpp; sourceTree = SOURCE_ROOT; };
		E4B69E1F0A3A1BDC003C02F2 /* testApp.h */ = {isa = PBXFileReference; fileEncoding = 30; lastKnownFileType = sourcecode.c.h; name = testApp.h; path = src/testApp.h; sourceTree = SOURCE_ROOT; };
		E4B6FCAD0C3E899E008CF71C /* openFrameworks-Info.plist */ = {isa = PBXFileReference; fileEncoding = 30; lastKnownFileType = text.plist.xml; path = "openFrameworks-Info.plist"; sourceTree = "<group>"; };
		E4C2424410CC5A17004149E2 /* AppKit.framework */ = {isa = PBXFileReference; lastKnownFileType = wrapper.framework; name = AppKit.framework; path = /System/Library/Frameworks/AppKit.framework; sourceTree = "<absolute>"; };
		E4C2424510CC5A17004149E2 /* Cocoa.framework */ = {isa = PBXFileReference; lastKnownFileType = wrapper.framework; name = Cocoa.framework; path = /System/Library/Frameworks/Cocoa.framework; sourceTree = "<absolute>"; };
		E4C2424610CC5A17004149E2 /* IOKit.framework */ = {isa = PBXFileReference; lastKnownFileType = wrapper.framework; name = IOKit.framework; path = /System/Library/Frameworks/IOKit.framework; sourceTree = "<absolute>"; };
		E4EB691F138AFCF100A09F29 /* CoreOF.xcconfig */ = {isa = PBXFileReference; fileEncoding = 4; lastKnownFileType = text.xcconfig; name = CoreOF.xcconfig; path = ../../../libs/openFrameworksCompiled/project/osx/CoreOF.xcconfig; sourceTree = SOURCE_ROOT; };
		E4EB6923138AFD0F00A09F29 /* Project.xcconfig */ = {isa = PBXFileReference; fileEncoding = 4; lastKnownFileType = text.xcconfig; path = Project.xcconfig; sourceTree = "<group>"; };
/* End PBXFileReference section */

/* Begin PBXFrameworksBuildPhase section */
		E4B69B590A3A1756003C02F2 /* Frameworks */ = {
			isa = PBXFrameworksBuildPhase;
			buildActionMask = 2147483647;
			files = (
				91BA3F8B165BC59100BEDAC7 /* Accelerate.framework in Frameworks */,
				91BA3F0F165BB0C700BEDAC7 /* CoreVideo.framework in Frameworks */,
				91BA3F0D165BB0C100BEDAC7 /* QTKit.framework in Frameworks */,
				E4EB6799138ADC1D00A09F29 /* GLUT.framework in Frameworks */,
				E4328149138ABC9F0047C5CB /* openFrameworksDebug.a in Frameworks */,
				E45BE97B0E8CC7DD009D7055 /* AGL.framework in Frameworks */,
				E45BE97C0E8CC7DD009D7055 /* ApplicationServices.framework in Frameworks */,
				E45BE97D0E8CC7DD009D7055 /* AudioToolbox.framework in Frameworks */,
				E45BE97E0E8CC7DD009D7055 /* Carbon.framework in Frameworks */,
				E45BE97F0E8CC7DD009D7055 /* CoreAudio.framework in Frameworks */,
				E45BE9800E8CC7DD009D7055 /* CoreFoundation.framework in Frameworks */,
				E45BE9810E8CC7DD009D7055 /* CoreServices.framework in Frameworks */,
				E45BE9830E8CC7DD009D7055 /* OpenGL.framework in Frameworks */,
				E45BE9840E8CC7DD009D7055 /* QuickTime.framework in Frameworks */,
				E4C2424710CC5A17004149E2 /* AppKit.framework in Frameworks */,
				E4C2424810CC5A17004149E2 /* Cocoa.framework in Frameworks */,
				E4C2424910CC5A17004149E2 /* IOKit.framework in Frameworks */,
				91FCAB8314607D4E00314427 /* opencv.a in Frameworks */,
				91BA3F86165BC57100BEDAC7 /* Syphon.framework in Frameworks */,
				9152190216AB0E69003000AC /* osc.a in Frameworks */,
			);
			runOnlyForDeploymentPostprocessing = 0;
		};
/* End PBXFrameworksBuildPhase section */

/* Begin PBXGroup section */
		271CD98C13B23BB200854892 /* ofxFaceTracker */ = {
			isa = PBXGroup;
			children = (
				271CD98D13B23BB200854892 /* ofxFaceTracker */,
				271CD9A113B23BB200854892 /* src */,
			);
			name = ofxFaceTracker;
			path = ..;
			sourceTree = SOURCE_ROOT;
		};
		271CD98D13B23BB200854892 /* ofxFaceTracker */ = {
			isa = PBXGroup;
			children = (
				271CD98E13B23BB200854892 /* Tracker */,
			);
			name = ofxFaceTracker;
			path = ../../../addons/ofxFaceTracker;
			sourceTree = SOURCE_ROOT;
		};
		271CD98E13B23BB200854892 /* Tracker */ = {
			isa = PBXGroup;
			children = (
				271CD99013B23BB200854892 /* CLM.cc */,
				271CD99113B23BB200854892 /* CLM.h */,
				271CD99213B23BB200854892 /* FCheck.cc */,
				271CD99313B23BB200854892 /* FCheck.h */,
				271CD99413B23BB200854892 /* FDet.cc */,
				271CD99513B23BB200854892 /* FDet.h */,
				271CD99613B23BB200854892 /* IO.cc */,
				271CD99713B23BB200854892 /* IO.h */,
				271CD99813B23BB200854892 /* Patch.cc */,
				271CD99913B23BB200854892 /* Patch.h */,
				271CD99A13B23BB200854892 /* PAW.cc */,
				271CD99B13B23BB200854892 /* PAW.h */,
				271CD99C13B23BB200854892 /* PDM.cc */,
				271CD99D13B23BB200854892 /* PDM.h */,
				271CD99E13B23BB200854892 /* Tracker.cc */,
				271CD99F13B23BB200854892 /* Tracker.h */,
			);
			name = Tracker;
			path = libs/Tracker;
			sourceTree = "<group>";
		};
		271CD9A113B23BB200854892 /* src */ = {
			isa = PBXGroup;
			children = (
				271CD9A213B23BB200854892 /* ofxFaceTracker.cpp */,
				271CD9A313B23BB200854892 /* ofxFaceTracker.h */,
			);
			name = src;
			path = ../../../addons/ofxFaceTracker/src;
			sourceTree = SOURCE_ROOT;
		};
		271CD9A413B23BB200854892 /* ofxCv */ = {
			isa = PBXGroup;
			children = (
				91FCAA7314607CE400314427 /* src */,
				91FCAA4B14607C4400314427 /* libs */,
			);
			name = ofxCv;
			sourceTree = SOURCE_ROOT;
		};
		915218D516AB0E68003000AC /* ofxOsc */ = {
			isa = PBXGroup;
			children = (
				915218D616AB0E68003000AC /* install.xml */,
				915218D716AB0E68003000AC /* libs */,
				915218F716AB0E68003000AC /* src */,
			);
			name = ofxOsc;
			path = ../../../addons/ofxOsc;
			sourceTree = "<group>";
		};
		915218D716AB0E68003000AC /* libs */ = {
			isa = PBXGroup;
			children = (
				915218D816AB0E68003000AC /* oscpack */,
			);
			path = libs;
			sourceTree = "<group>";
		};
		915218D816AB0E68003000AC /* oscpack */ = {
			isa = PBXGroup;
			children = (
				915218D916AB0E68003000AC /* lib */,
				915218DC16AB0E68003000AC /* src */,
			);
			path = oscpack;
			sourceTree = "<group>";
		};
		915218D916AB0E68003000AC /* lib */ = {
			isa = PBXGroup;
			children = (
				915218DA16AB0E68003000AC /* osx */,
			);
			path = lib;
			sourceTree = "<group>";
		};
		915218DA16AB0E68003000AC /* osx */ = {
			isa = PBXGroup;
			children = (
				915218DB16AB0E68003000AC /* osc.a */,
			);
			path = osx;
			sourceTree = "<group>";
		};
		915218DC16AB0E68003000AC /* src */ = {
			isa = PBXGroup;
			children = (
				915218DD16AB0E68003000AC /* ip */,
				915218EA16AB0E68003000AC /* osc */,
			);
			path = src;
			sourceTree = "<group>";
		};
		915218DD16AB0E68003000AC /* ip */ = {
			isa = PBXGroup;
			children = (
				915218DE16AB0E68003000AC /* IpEndpointName.cpp */,
				915218DF16AB0E68003000AC /* IpEndpointName.h */,
				915218E016AB0E68003000AC /* NetworkingUtils.h */,
				915218E116AB0E68003000AC /* PacketListener.h */,
				915218E216AB0E68003000AC /* posix */,
				915218E516AB0E68003000AC /* TimerListener.h */,
				915218E616AB0E68003000AC /* UdpSocket.h */,
				915218E716AB0E68003000AC /* win32 */,
			);
			path = ip;
			sourceTree = "<group>";
		};
		915218E216AB0E68003000AC /* posix */ = {
			isa = PBXGroup;
			children = (
				915218E316AB0E68003000AC /* NetworkingUtils.cpp */,
				915218E416AB0E68003000AC /* UdpSocket.cpp */,
			);
			path = posix;
			sourceTree = "<group>";
		};
		915218E716AB0E68003000AC /* win32 */ = {
			isa = PBXGroup;
			children = (
				915218E816AB0E68003000AC /* NetworkingUtilsWin.cpp */,
				915218E916AB0E68003000AC /* UdpSocketWin.cpp */,
			);
			path = win32;
			sourceTree = "<group>";
		};
		915218EA16AB0E68003000AC /* osc */ = {
			isa = PBXGroup;
			children = (
				915218EB16AB0E68003000AC /* MessageMappingOscPacketListener.h */,
				915218EC16AB0E68003000AC /* OscException.h */,
				915218ED16AB0E68003000AC /* OscHostEndianness.h */,
				915218EE16AB0E68003000AC /* OscOutboundPacketStream.cpp */,
				915218EF16AB0E68003000AC /* OscOutboundPacketStream.h */,
				915218F016AB0E68003000AC /* OscPacketListener.h */,
				915218F116AB0E68003000AC /* OscPrintReceivedElements.cpp */,
				915218F216AB0E68003000AC /* OscPrintReceivedElements.h */,
				915218F316AB0E68003000AC /* OscReceivedElements.cpp */,
				915218F416AB0E68003000AC /* OscReceivedElements.h */,
				915218F516AB0E68003000AC /* OscTypes.cpp */,
				915218F616AB0E68003000AC /* OscTypes.h */,
			);
			path = osc;
			sourceTree = "<group>";
		};
		915218F716AB0E68003000AC /* src */ = {
			isa = PBXGroup;
			children = (
				915218F816AB0E68003000AC /* ofxOsc.h */,
				915218F916AB0E68003000AC /* ofxOscArg.h */,
				915218FA16AB0E68003000AC /* ofxOscBundle.cpp */,
				915218FB16AB0E68003000AC /* ofxOscBundle.h */,
				915218FC16AB0E68003000AC /* ofxOscMessage.cpp */,
				915218FD16AB0E68003000AC /* ofxOscMessage.h */,
				915218FE16AB0E69003000AC /* ofxOscReceiver.cpp */,
				915218FF16AB0E69003000AC /* ofxOscReceiver.h */,
				9152190016AB0E69003000AC /* ofxOscSender.cpp */,
				9152190116AB0E69003000AC /* ofxOscSender.h */,
			);
			path = src;
			sourceTree = "<group>";
		};
		91BA3F76165BC57100BEDAC7 /* ofxSyphon */ = {
			isa = PBXGroup;
			children = (
				91BA3F77165BC57100BEDAC7 /* install.xml */,
				91BA3F78165BC57100BEDAC7 /* libs */,
				91BA3F80165BC57100BEDAC7 /* src */,
			);
			name = ofxSyphon;
			path = ../../../addons/ofxSyphon;
			sourceTree = "<group>";
		};
		91BA3F78165BC57100BEDAC7 /* libs */ = {
			isa = PBXGroup;
			children = (
				91BA3F79165BC57100BEDAC7 /* Syphon */,
			);
			path = libs;
			sourceTree = "<group>";
		};
		91BA3F79165BC57100BEDAC7 /* Syphon */ = {
			isa = PBXGroup;
			children = (
				91BA3F7A165BC57100BEDAC7 /* lib */,
			);
			path = Syphon;
			sourceTree = "<group>";
		};
		91BA3F7A165BC57100BEDAC7 /* lib */ = {
			isa = PBXGroup;
			children = (
				91BA3F7B165BC57100BEDAC7 /* osx */,
				91BA3F7D165BC57100BEDAC7 /* src */,
			);
			path = lib;
			sourceTree = "<group>";
		};
		91BA3F7B165BC57100BEDAC7 /* osx */ = {
			isa = PBXGroup;
			children = (
				91BA3F7C165BC57100BEDAC7 /* Syphon.framework */,
			);
			path = osx;
			sourceTree = "<group>";
		};
		91BA3F7D165BC57100BEDAC7 /* src */ = {
			isa = PBXGroup;
			children = (
				91BA3F7E165BC57100BEDAC7 /* SyphonNameboundClient.h */,
				91BA3F7F165BC57100BEDAC7 /* SyphonNameboundClient.m */,
			);
			path = src;
			sourceTree = "<group>";
		};
		91BA3F80165BC57100BEDAC7 /* src */ = {
			isa = PBXGroup;
			children = (
				91BA3F81165BC57100BEDAC7 /* ofxSyphon.h */,
				91BA3F82165BC57100BEDAC7 /* ofxSyphonClient.h */,
				91BA3F83165BC57100BEDAC7 /* ofxSyphonClient.mm */,
				91BA3F84165BC57100BEDAC7 /* ofxSyphonServer.h */,
				91BA3F85165BC57100BEDAC7 /* ofxSyphonServer.mm */,
			);
			path = src;
			sourceTree = "<group>";
		};
		91FCAA4B14607C4400314427 /* libs */ = {
			isa = PBXGroup;
			children = (
				91FCAA8014607D4C00314427 /* opencv */,
				91FCAA4D14607C4400314427 /* ofxCv */,
			);
			name = libs;
			path = ../../../addons/ofxCv/libs;
			sourceTree = SOURCE_ROOT;
		};
		91FCAA4D14607C4400314427 /* ofxCv */ = {
			isa = PBXGroup;
			children = (
				91FCAA4E14607C4400314427 /* include */,
				91FCAA5814607C4400314427 /* src */,
			);
			path = ofxCv;
			sourceTree = "<group>";
		};
		91FCAA4E14607C4400314427 /* include */ = {
			isa = PBXGroup;
			children = (
				91FCAA4F14607C4400314427 /* ofxCv */,
			);
			path = include;
			sourceTree = "<group>";
		};
		91FCAA4F14607C4400314427 /* ofxCv */ = {
			isa = PBXGroup;
			children = (
				91FCAA5014607C4400314427 /* Calibration.h */,
				91FCAA5114607C4400314427 /* ContourFinder.h */,
				91FCAA5214607C4400314427 /* Distance.h */,
				91FCAA5314607C4400314427 /* Helpers.h */,
				91FCAA5414607C4400314427 /* RunningBackground.h */,
				91FCAA5514607C4400314427 /* Tracker.h */,
				91FCAA5614607C4400314427 /* Utilities.h */,
				91FCAA5714607C4400314427 /* Wrappers.h */,
			);
			path = ofxCv;
			sourceTree = "<group>";
		};
		91FCAA5814607C4400314427 /* src */ = {
			isa = PBXGroup;
			children = (
				91FCAA5914607C4400314427 /* Calibration.cpp */,
				91FCAA5A14607C4400314427 /* ContourFinder.cpp */,
				91FCAA5B14607C4400314427 /* Distance.cpp */,
				91FCAA5C14607C4400314427 /* Helpers.cpp */,
				91FCAA5D14607C4400314427 /* RunningBackground.cpp */,
				91FCAA5E14607C4400314427 /* Tracker.cpp */,
				91FCAA5F14607C4400314427 /* Utilities.cpp */,
				91FCAA6014607C4400314427 /* Wrappers.cpp */,
			);
			path = src;
			sourceTree = "<group>";
		};
		91FCAA7314607CE400314427 /* src */ = {
			isa = PBXGroup;
			children = (
				91FCAA7414607CE400314427 /* ofxCv.h */,
			);
			name = src;
			path = ../../../addons/ofxCv/src;
			sourceTree = SOURCE_ROOT;
		};
		91FCAA8014607D4C00314427 /* opencv */ = {
			isa = PBXGroup;
			children = (
				91FCAA8114607D4C00314427 /* include */,
				91FCAAD214607D4C00314427 /* lib */,
			);
			name = opencv;
			path = ../../ofxOpenCv/libs/opencv;
			sourceTree = "<group>";
		};
		91FCAA8114607D4C00314427 /* include */ = {
			isa = PBXGroup;
			children = (
				91FCAA8214607D4C00314427 /* opencv */,
				91FCAA8E14607D4C00314427 /* opencv2 */,
			);
			path = include;
			sourceTree = "<group>";
		};
		91FCAA8214607D4C00314427 /* opencv */ = {
			isa = PBXGroup;
			children = (
				91FCAA8314607D4C00314427 /* cv.h */,
				91FCAA8414607D4C00314427 /* cv.hpp */,
				91FCAA8514607D4C00314427 /* cvaux.h */,
				91FCAA8614607D4C00314427 /* cvaux.hpp */,
				91FCAA8714607D4C00314427 /* cvwimage.h */,
				91FCAA8814607D4C00314427 /* cxcore.h */,
				91FCAA8914607D4C00314427 /* cxcore.hpp */,
				91FCAA8A14607D4C00314427 /* cxeigen.hpp */,
				91FCAA8B14607D4C00314427 /* cxmisc.h */,
				91FCAA8C14607D4C00314427 /* highgui.h */,
				91FCAA8D14607D4C00314427 /* ml.h */,
			);
			path = opencv;
			sourceTree = "<group>";
		};
		91FCAA8E14607D4C00314427 /* opencv2 */ = {
			isa = PBXGroup;
			children = (
				91FCAA8F14607D4C00314427 /* calib3d */,
				91FCAA9114607D4C00314427 /* contrib */,
				91FCAA9314607D4C00314427 /* core */,
				91FCAA9D14607D4C00314427 /* features2d */,
				91FCAA9F14607D4C00314427 /* flann */,
				91FCAAB914607D4C00314427 /* gpu */,
				91FCAABE14607D4C00314427 /* highgui */,
				91FCAAC114607D4C00314427 /* imgproc */,
				91FCAAC514607D4C00314427 /* legacy */,
				91FCAACA14607D4C00314427 /* ml */,
				91FCAACC14607D4C00314427 /* objdetect */,
				91FCAACE14607D4C00314427 /* opencv.hpp */,
				91FCAACF14607D4C00314427 /* video */,
			);
			path = opencv2;
			sourceTree = "<group>";
		};
		91FCAA8F14607D4C00314427 /* calib3d */ = {
			isa = PBXGroup;
			children = (
				91FCAA9014607D4C00314427 /* calib3d.hpp */,
			);
			path = calib3d;
			sourceTree = "<group>";
		};
		91FCAA9114607D4C00314427 /* contrib */ = {
			isa = PBXGroup;
			children = (
				91FCAA9214607D4C00314427 /* contrib.hpp */,
			);
			path = contrib;
			sourceTree = "<group>";
		};
		91FCAA9314607D4C00314427 /* core */ = {
			isa = PBXGroup;
			children = (
				91FCAA9414607D4C00314427 /* core.hpp */,
				91FCAA9514607D4C00314427 /* core_c.h */,
				91FCAA9614607D4C00314427 /* eigen.hpp */,
				91FCAA9714607D4C00314427 /* internal.hpp */,
				91FCAA9814607D4C00314427 /* mat.hpp */,
				91FCAA9914607D4C00314427 /* operations.hpp */,
				91FCAA9A14607D4C00314427 /* types_c.h */,
				91FCAA9B14607D4C00314427 /* version.hpp */,
				91FCAA9C14607D4C00314427 /* wimage.hpp */,
			);
			path = core;
			sourceTree = "<group>";
		};
		91FCAA9D14607D4C00314427 /* features2d */ = {
			isa = PBXGroup;
			children = (
				91FCAA9E14607D4C00314427 /* features2d.hpp */,
			);
			path = features2d;
			sourceTree = "<group>";
		};
		91FCAA9F14607D4C00314427 /* flann */ = {
			isa = PBXGroup;
			children = (
				91FCAAA014607D4C00314427 /* all_indices.h */,
				91FCAAA114607D4C00314427 /* allocator.h */,
				91FCAAA214607D4C00314427 /* autotuned_index.h */,
				91FCAAA314607D4C00314427 /* composite_index.h */,
				91FCAAA414607D4C00314427 /* dist.h */,
				91FCAAA514607D4C00314427 /* flann.hpp */,
				91FCAAA614607D4C00314427 /* flann_base.hpp */,
				91FCAAA714607D4C00314427 /* general.h */,
				91FCAAA814607D4C00314427 /* ground_truth.h */,
				91FCAAA914607D4C00314427 /* hdf5.h */,
				91FCAAAA14607D4C00314427 /* heap.h */,
				91FCAAAB14607D4C00314427 /* index_testing.h */,
				91FCAAAC14607D4C00314427 /* kdtree_index.h */,
				91FCAAAD14607D4C00314427 /* kmeans_index.h */,
				91FCAAAE14607D4C00314427 /* linear_index.h */,
				91FCAAAF14607D4C00314427 /* logger.h */,
				91FCAAB014607D4C00314427 /* matrix.h */,
				91FCAAB114607D4C00314427 /* nn_index.h */,
				91FCAAB214607D4C00314427 /* object_factory.h */,
				91FCAAB314607D4C00314427 /* random.h */,
				91FCAAB414607D4C00314427 /* result_set.h */,
				91FCAAB514607D4C00314427 /* sampling.h */,
				91FCAAB614607D4C00314427 /* saving.h */,
				91FCAAB714607D4C00314427 /* simplex_downhill.h */,
				91FCAAB814607D4C00314427 /* timer.h */,
			);
			path = flann;
			sourceTree = "<group>";
		};
		91FCAAB914607D4C00314427 /* gpu */ = {
			isa = PBXGroup;
			children = (
				91FCAABA14607D4C00314427 /* devmem2d.hpp */,
				91FCAABB14607D4C00314427 /* gpu.hpp */,
				91FCAABC14607D4C00314427 /* matrix_operations.hpp */,
				91FCAABD14607D4C00314427 /* stream_accessor.hpp */,
			);
			path = gpu;
			sourceTree = "<group>";
		};
		91FCAABE14607D4C00314427 /* highgui */ = {
			isa = PBXGroup;
			children = (
				91FCAABF14607D4C00314427 /* highgui.hpp */,
				91FCAAC014607D4C00314427 /* highgui_c.h */,
			);
			path = highgui;
			sourceTree = "<group>";
		};
		91FCAAC114607D4C00314427 /* imgproc */ = {
			isa = PBXGroup;
			children = (
				91FCAAC214607D4C00314427 /* imgproc.hpp */,
				91FCAAC314607D4C00314427 /* imgproc_c.h */,
				91FCAAC414607D4C00314427 /* types_c.h */,
			);
			path = imgproc;
			sourceTree = "<group>";
		};
		91FCAAC514607D4C00314427 /* legacy */ = {
			isa = PBXGroup;
			children = (
				91FCAAC614607D4C00314427 /* blobtrack.hpp */,
				91FCAAC714607D4C00314427 /* compat.hpp */,
				91FCAAC814607D4C00314427 /* legacy.hpp */,
				91FCAAC914607D4C00314427 /* streams.hpp */,
			);
			path = legacy;
			sourceTree = "<group>";
		};
		91FCAACA14607D4C00314427 /* ml */ = {
			isa = PBXGroup;
			children = (
				91FCAACB14607D4C00314427 /* ml.hpp */,
			);
			path = ml;
			sourceTree = "<group>";
		};
		91FCAACC14607D4C00314427 /* objdetect */ = {
			isa = PBXGroup;
			children = (
				91FCAACD14607D4C00314427 /* objdetect.hpp */,
			);
			path = objdetect;
			sourceTree = "<group>";
		};
		91FCAACF14607D4C00314427 /* video */ = {
			isa = PBXGroup;
			children = (
				91FCAAD014607D4C00314427 /* background_segm.hpp */,
				91FCAAD114607D4C00314427 /* tracking.hpp */,
			);
			path = video;
			sourceTree = "<group>";
		};
		91FCAAD214607D4C00314427 /* lib */ = {
			isa = PBXGroup;
			children = (
				91FCAB1614607D4C00314427 /* osx */,
			);
			path = lib;
			sourceTree = "<group>";
		};
		91FCAB1614607D4C00314427 /* osx */ = {
			isa = PBXGroup;
			children = (
				91FCAB1714607D4C00314427 /* opencv.a */,
			);
			path = osx;
			sourceTree = "<group>";
		};
		BB4B014C10F69532006C3DED /* addons */ = {
			isa = PBXGroup;
			children = (
				915218D516AB0E68003000AC /* ofxOsc */,
				91BA3F76165BC57100BEDAC7 /* ofxSyphon */,
				271CD9A413B23BB200854892 /* ofxCv */,
				271CD98C13B23BB200854892 /* ofxFaceTracker */,
			);
			name = addons;
			sourceTree = "<group>";
		};
		BBAB23C913894ECA00AA2426 /* system frameworks */ = {
			isa = PBXGroup;
			children = (
				91BA3F8A165BC59100BEDAC7 /* Accelerate.framework */,
				91BA3F0E165BB0C700BEDAC7 /* CoreVideo.framework */,
				91BA3F0C165BB0C100BEDAC7 /* QTKit.framework */,
				E4C2424410CC5A17004149E2 /* AppKit.framework */,
				E4C2424510CC5A17004149E2 /* Cocoa.framework */,
				E4C2424610CC5A17004149E2 /* IOKit.framework */,
				E45BE9710E8CC7DD009D7055 /* AGL.framework */,
				E45BE9720E8CC7DD009D7055 /* ApplicationServices.framework */,
				E45BE9730E8CC7DD009D7055 /* AudioToolbox.framework */,
				E45BE9740E8CC7DD009D7055 /* Carbon.framework */,
				E45BE9750E8CC7DD009D7055 /* CoreAudio.framework */,
				E45BE9760E8CC7DD009D7055 /* CoreFoundation.framework */,
				E45BE9770E8CC7DD009D7055 /* CoreServices.framework */,
				E45BE9790E8CC7DD009D7055 /* OpenGL.framework */,
				E45BE97A0E8CC7DD009D7055 /* QuickTime.framework */,
			);
			name = "system frameworks";
			sourceTree = "<group>";
		};
		BBAB23CA13894EDB00AA2426 /* 3rd party frameworks */ = {
			isa = PBXGroup;
			children = (
				BBAB23BE13894E4700AA2426 /* GLUT.framework */,
			);
			name = "3rd party frameworks";
			sourceTree = "<group>";
		};
		E4328144138ABC890047C5CB /* Products */ = {
			isa = PBXGroup;
			children = (
				E4328148138ABC890047C5CB /* openFrameworksDebug.a */,
			);
			name = Products;
			sourceTree = "<group>";
		};
		E45BE5980E8CC70C009D7055 /* frameworks */ = {
			isa = PBXGroup;
			children = (
				BBAB23CA13894EDB00AA2426 /* 3rd party frameworks */,
				BBAB23C913894ECA00AA2426 /* system frameworks */,
			);
			name = frameworks;
			sourceTree = "<group>";
		};
		E4B69B4A0A3A1720003C02F2 = {
			isa = PBXGroup;
			children = (
				E4B69E1C0A3A1BDC003C02F2 /* src */,
				E4EEC9E9138DF44700A80321 /* openFrameworks */,
				BB4B014C10F69532006C3DED /* addons */,
				E45BE5980E8CC70C009D7055 /* frameworks */,
				E4B69B5B0A3A1756003C02F2 /* ProsopagnosiaDebug.app */,
			);
			sourceTree = "<group>";
		};
		E4B69E1C0A3A1BDC003C02F2 /* src */ = {
			isa = PBXGroup;
			children = (
				276A5C7F142A5E1900B635EA /* Voronoi.frag */,
				276A5A6E142A3CDF00B635EA /* BlurAlpha.frag */,
				276A5908142A261200B635EA /* Clone.frag */,
				276A5857142A1CDB00B635EA /* MaskBlur.frag */,
				914050D716AEBD86009356D3 /* RadialBlur.frag */,
				E4B69E1D0A3A1BDC003C02F2 /* main.cpp */,
				E4B69E1F0A3A1BDC003C02F2 /* testApp.h */,
				E4B69E1E0A3A1BDC003C02F2 /* testApp.cpp */,
				91164D4B16636E4F00E4D751 /* DynamicInput.cpp */,
				91164D4C16636E4F00E4D751 /* DynamicInput.h */,
			);
			path = src;
			sourceTree = SOURCE_ROOT;
		};
		E4EEC9E9138DF44700A80321 /* openFrameworks */ = {
			isa = PBXGroup;
			children = (
				E4EB6923138AFD0F00A09F29 /* Project.xcconfig */,
				E4EB691F138AFCF100A09F29 /* CoreOF.xcconfig */,
				E4328143138ABC890047C5CB /* openFrameworksLib.xcodeproj */,
				E4B6FCAD0C3E899E008CF71C /* openFrameworks-Info.plist */,
			);
			name = openFrameworks;
			sourceTree = "<group>";
		};
/* End PBXGroup section */

/* Begin PBXNativeTarget section */
		E4B69B5A0A3A1756003C02F2 /* Prosopagnosia */ = {
			isa = PBXNativeTarget;
			buildConfigurationList = E4B69B5F0A3A1757003C02F2 /* Build configuration list for PBXNativeTarget "Prosopagnosia" */;
			buildPhases = (
				E4B69B580A3A1756003C02F2 /* Sources */,
				E4B69B590A3A1756003C02F2 /* Frameworks */,
				E4B6FFFD0C3F9AB9008CF71C /* ShellScript */,
				E4C2427710CC5ABF004149E2 /* CopyFiles */,
			);
			buildRules = (
			);
			dependencies = (
				E4EEB9AC138B136A00A80321 /* PBXTargetDependency */,
			);
			name = Prosopagnosia;
			productName = myOFApp;
			productReference = E4B69B5B0A3A1756003C02F2 /* ProsopagnosiaDebug.app */;
			productType = "com.apple.product-type.application";
		};
/* End PBXNativeTarget section */

/* Begin PBXProject section */
		E4B69B4C0A3A1720003C02F2 /* Project object */ = {
			isa = PBXProject;
			attributes = {
				LastUpgradeCheck = 0450;
			};
			buildConfigurationList = E4B69B4D0A3A1720003C02F2 /* Build configuration list for PBXProject "prosopagnosia" */;
			compatibilityVersion = "Xcode 3.2";
			developmentRegion = English;
			hasScannedForEncodings = 0;
			knownRegions = (
				English,
				Japanese,
				French,
				German,
			);
			mainGroup = E4B69B4A0A3A1720003C02F2;
			productRefGroup = E4B69B4A0A3A1720003C02F2;
			projectDirPath = "";
			projectReferences = (
				{
					ProductGroup = E4328144138ABC890047C5CB /* Products */;
					ProjectRef = E4328143138ABC890047C5CB /* openFrameworksLib.xcodeproj */;
				},
			);
			projectRoot = "";
			targets = (
				E4B69B5A0A3A1756003C02F2 /* Prosopagnosia */,
			);
		};
/* End PBXProject section */

/* Begin PBXReferenceProxy section */
		E4328148138ABC890047C5CB /* openFrameworksDebug.a */ = {
			isa = PBXReferenceProxy;
			fileType = archive.ar;
			path = openFrameworksDebug.a;
			remoteRef = E4328147138ABC890047C5CB /* PBXContainerItemProxy */;
			sourceTree = BUILT_PRODUCTS_DIR;
		};
/* End PBXReferenceProxy section */

/* Begin PBXShellScriptBuildPhase section */
		E4B6FFFD0C3F9AB9008CF71C /* ShellScript */ = {
			isa = PBXShellScriptBuildPhase;
			buildActionMask = 2147483647;
			files = (
			);
			inputPaths = (
			);
			outputPaths = (
			);
			runOnlyForDeploymentPostprocessing = 0;
			shellPath = /bin/sh;
			shellScript = "cp -f ../../../libs/fmodex/lib/osx/libfmodex.dylib \"$TARGET_BUILD_DIR/$PRODUCT_NAME.app/Contents/MacOS/libfmodex.dylib\";\ninstall_name_tool -change ./libfmodex.dylib @executable_path/libfmodex.dylib \"$TARGET_BUILD_DIR/$PRODUCT_NAME.app/Contents/MacOS/$PRODUCT_NAME\";";
		};
/* End PBXShellScriptBuildPhase section */

/* Begin PBXSourcesBuildPhase section */
		E4B69B580A3A1756003C02F2 /* Sources */ = {
			isa = PBXSourcesBuildPhase;
			buildActionMask = 2147483647;
			files = (
				E4B69E200A3A1BDC003C02F2 /* main.cpp in Sources */,
				E4B69E210A3A1BDC003C02F2 /* testApp.cpp in Sources */,
				271CDA6113B23BB300854892 /* CLM.cc in Sources */,
				271CDA6213B23BB300854892 /* FCheck.cc in Sources */,
				271CDA6313B23BB300854892 /* FDet.cc in Sources */,
				271CDA6413B23BB300854892 /* IO.cc in Sources */,
				271CDA6513B23BB300854892 /* Patch.cc in Sources */,
				271CDA6613B23BB300854892 /* PAW.cc in Sources */,
				271CDA6713B23BB300854892 /* PDM.cc in Sources */,
				271CDA6813B23BB300854892 /* Tracker.cc in Sources */,
				271CDA6913B23BB300854892 /* ofxFaceTracker.cpp in Sources */,
				276A5858142A1CDB00B635EA /* MaskBlur.frag in Sources */,
				276A590A142A261200B635EA /* Clone.frag in Sources */,
				276A5A6F142A3CDF00B635EA /* BlurAlpha.frag in Sources */,
				276A5C80142A5E1900B635EA /* Voronoi.frag in Sources */,
				91FCAA6114607C4400314427 /* Calibration.cpp in Sources */,
				91FCAA6214607C4400314427 /* ContourFinder.cpp in Sources */,
				91FCAA6314607C4400314427 /* Distance.cpp in Sources */,
				91FCAA6414607C4400314427 /* Helpers.cpp in Sources */,
				91FCAA6514607C4400314427 /* RunningBackground.cpp in Sources */,
				91FCAA6614607C4400314427 /* Tracker.cpp in Sources */,
				91FCAA6714607C4400314427 /* Utilities.cpp in Sources */,
				91FCAA6814607C4400314427 /* Wrappers.cpp in Sources */,
				91BA3F87165BC57100BEDAC7 /* SyphonNameboundClient.m in Sources */,
				91BA3F88165BC57100BEDAC7 /* ofxSyphonClient.mm in Sources */,
				91BA3F89165BC57100BEDAC7 /* ofxSyphonServer.mm in Sources */,
				91164D4D16636E4F00E4D751 /* DynamicInput.cpp in Sources */,
				9152190316AB0E69003000AC /* IpEndpointName.cpp in Sources */,
				9152190416AB0E69003000AC /* NetworkingUtils.cpp in Sources */,
				9152190516AB0E69003000AC /* UdpSocket.cpp in Sources */,
				9152190616AB0E69003000AC /* NetworkingUtilsWin.cpp in Sources */,
				9152190716AB0E69003000AC /* UdpSocketWin.cpp in Sources */,
				9152190816AB0E69003000AC /* OscOutboundPacketStream.cpp in Sources */,
				9152190916AB0E69003000AC /* OscPrintReceivedElements.cpp in Sources */,
				9152190A16AB0E69003000AC /* OscReceivedElements.cpp in Sources */,
				9152190B16AB0E69003000AC /* OscTypes.cpp in Sources */,
				9152190C16AB0E69003000AC /* ofxOscBundle.cpp in Sources */,
				9152190D16AB0E69003000AC /* ofxOscMessage.cpp in Sources */,
				9152190E16AB0E69003000AC /* ofxOscReceiver.cpp in Sources */,
				9152190F16AB0E69003000AC /* ofxOscSender.cpp in Sources */,
				914050D816AEBD86009356D3 /* RadialBlur.frag in Sources */,
			);
			runOnlyForDeploymentPostprocessing = 0;
		};
/* End PBXSourcesBuildPhase section */

/* Begin PBXTargetDependency section */
		E4EEB9AC138B136A00A80321 /* PBXTargetDependency */ = {
			isa = PBXTargetDependency;
			name = openFrameworks;
			targetProxy = E4EEB9AB138B136A00A80321 /* PBXContainerItemProxy */;
		};
/* End PBXTargetDependency section */

/* Begin XCBuildConfiguration section */
		E4B69B4E0A3A1720003C02F2 /* Debug */ = {
			isa = XCBuildConfiguration;
			baseConfigurationReference = E4EB6923138AFD0F00A09F29 /* Project.xcconfig */;
			buildSettings = {
				ARCHS = "$(ARCHS_STANDARD_32_BIT)";
				CLANG_X86_VECTOR_INSTRUCTIONS = sse4.2;
				CONFIGURATION_BUILD_DIR = "$(SRCROOT)/bin/";
				COPY_PHASE_STRIP = NO;
				DEAD_CODE_STRIPPING = YES;
				GCC_AUTO_VECTORIZATION = YES;
				GCC_ENABLE_SSE3_EXTENSIONS = YES;
				GCC_ENABLE_SUPPLEMENTAL_SSE3_INSTRUCTIONS = YES;
				GCC_INLINES_ARE_PRIVATE_EXTERN = NO;
				GCC_MODEL_TUNING = G5;
				GCC_SYMBOLS_PRIVATE_EXTERN = NO;
				GCC_WARN_ABOUT_DEPRECATED_FUNCTIONS = NO;
				GCC_WARN_ABOUT_INVALID_OFFSETOF_MACRO = NO;
				GCC_WARN_ALLOW_INCOMPLETE_PROTOCOL = NO;
				GCC_WARN_UNINITIALIZED_AUTOS = NO;
				GCC_WARN_UNUSED_VALUE = NO;
				GCC_WARN_UNUSED_VARIABLE = NO;
				MACOSX_DEPLOYMENT_TARGET = 10.6;
				OTHER_CPLUSPLUSFLAGS = (
					"-D__MACOSX_CORE__",
					"-lpthread",
				);
				SDKROOT = macosx;
			};
			name = Debug;
		};
		E4B69B4F0A3A1720003C02F2 /* Release */ = {
			isa = XCBuildConfiguration;
			baseConfigurationReference = E4EB6923138AFD0F00A09F29 /* Project.xcconfig */;
			buildSettings = {
				ARCHS = "$(ARCHS_STANDARD_32_BIT)";
				CLANG_X86_VECTOR_INSTRUCTIONS = sse4.2;
				CONFIGURATION_BUILD_DIR = "$(SRCROOT)/bin/";
				COPY_PHASE_STRIP = YES;
				DEAD_CODE_STRIPPING = YES;
				GCC_AUTO_VECTORIZATION = YES;
				GCC_ENABLE_SSE3_EXTENSIONS = YES;
				GCC_ENABLE_SUPPLEMENTAL_SSE3_INSTRUCTIONS = YES;
				GCC_INLINES_ARE_PRIVATE_EXTERN = NO;
				GCC_MODEL_TUNING = G5;
				GCC_OPTIMIZATION_LEVEL = 3;
				GCC_SYMBOLS_PRIVATE_EXTERN = NO;
				GCC_UNROLL_LOOPS = YES;
				GCC_WARN_ABOUT_DEPRECATED_FUNCTIONS = NO;
				GCC_WARN_ABOUT_INVALID_OFFSETOF_MACRO = NO;
				GCC_WARN_ALLOW_INCOMPLETE_PROTOCOL = NO;
				GCC_WARN_UNINITIALIZED_AUTOS = NO;
				GCC_WARN_UNUSED_VALUE = NO;
				GCC_WARN_UNUSED_VARIABLE = NO;
				MACOSX_DEPLOYMENT_TARGET = 10.6;
				OTHER_CPLUSPLUSFLAGS = (
					"-D__MACOSX_CORE__",
					"-lpthread",
				);
				SDKROOT = macosx;
			};
			name = Release;
		};
		E4B69B600A3A1757003C02F2 /* Debug */ = {
			isa = XCBuildConfiguration;
			buildSettings = {
				ARCHS = "$(ARCHS_STANDARD_32_BIT)";
				CLANG_X86_VECTOR_INSTRUCTIONS = sse4.2;
				COMBINE_HIDPI_IMAGES = YES;
				COPY_PHASE_STRIP = NO;
				FRAMEWORK_SEARCH_PATHS = (
					"$(inherited)",
					"$(FRAMEWORK_SEARCH_PATHS_QUOTED_FOR_TARGET_1)",
					"$(FRAMEWORK_SEARCH_PATHS_QUOTED_FOR_TARGET_2)",
					"$(FRAMEWORK_SEARCH_PATHS_QUOTED_FOR_TARGET_3)",
				);
				FRAMEWORK_SEARCH_PATHS_QUOTED_FOR_TARGET_1 = "\"$(SRCROOT)/../../../libs/glut/lib/osx\"";
				FRAMEWORK_SEARCH_PATHS_QUOTED_FOR_TARGET_2 = "\"$(SRCROOT)/ofxSyphon/libs/Syphon/lib/osx\"";
				FRAMEWORK_SEARCH_PATHS_QUOTED_FOR_TARGET_3 = "\"$(SRCROOT)/../../../addons/ofxSyphon/libs/Syphon/lib/osx\"";
				GCC_DYNAMIC_NO_PIC = NO;
				GCC_GENERATE_DEBUGGING_SYMBOLS = YES;
				GCC_MODEL_TUNING = G4;
				GCC_PRECOMPILE_PREFIX_HEADER = YES;
				GCC_PREFIX_HEADER = "$(SYSTEM_LIBRARY_DIR)/Frameworks/Carbon.framework/Headers/Carbon.h";
				INFOPLIST_FILE = "openFrameworks-Info.plist";
				INSTALL_PATH = "$(HOME)/Applications";
				LIBRARY_SEARCH_PATHS = (
					"$(inherited)",
					"$(LIBRARY_SEARCH_PATHS_QUOTED_FOR_TARGET_1)",
					"$(LIBRARY_SEARCH_PATHS_QUOTED_FOR_TARGET_2)",
					"$(LIBRARY_SEARCH_PATHS_QUOTED_FOR_TARGET_3)",
					"$(LIBRARY_SEARCH_PATHS_QUOTED_FOR_TARGET_4)",
					"$(LIBRARY_SEARCH_PATHS_QUOTED_FOR_TARGET_5)",
					"$(LIBRARY_SEARCH_PATHS_QUOTED_FOR_TARGET_6)",
					"$(LIBRARY_SEARCH_PATHS_QUOTED_FOR_TARGET_7)",
					"$(LIBRARY_SEARCH_PATHS_QUOTED_FOR_TARGET_8)",
					"$(LIBRARY_SEARCH_PATHS_QUOTED_FOR_TARGET_9)",
					"$(LIBRARY_SEARCH_PATHS_QUOTED_FOR_TARGET_10)",
					"$(LIBRARY_SEARCH_PATHS_QUOTED_FOR_TARGET_11)",
					"$(LIBRARY_SEARCH_PATHS_QUOTED_FOR_TARGET_12)",
					"$(LIBRARY_SEARCH_PATHS_QUOTED_FOR_TARGET_13)",
					"$(LIBRARY_SEARCH_PATHS_QUOTED_FOR_TARGET_14)",
					"$(LIBRARY_SEARCH_PATHS_QUOTED_FOR_TARGET_15)",
					"$(LIBRARY_SEARCH_PATHS_QUOTED_FOR_TARGET_2)",
					"$(LIBRARY_SEARCH_PATHS_QUOTED_FOR_TARGET_3)",
					"$(LIBRARY_SEARCH_PATHS_QUOTED_FOR_TARGET_7)",
					"$(LIBRARY_SEARCH_PATHS_QUOTED_FOR_TARGET_8)",
					"$(LIBRARY_SEARCH_PATHS_QUOTED_FOR_TARGET_9)",
					"$(LIBRARY_SEARCH_PATHS_QUOTED_FOR_TARGET_10)",
					"$(LIBRARY_SEARCH_PATHS_QUOTED_FOR_TARGET_11)",
					"$(LIBRARY_SEARCH_PATHS_QUOTED_FOR_TARGET_12)",
					"$(LIBRARY_SEARCH_PATHS_QUOTED_FOR_TARGET_13)",
					"$(LIBRARY_SEARCH_PATHS_QUOTED_FOR_TARGET_16)",
					"$(LIBRARY_SEARCH_PATHS_QUOTED_FOR_TARGET_17)",
					"$(LIBRARY_SEARCH_PATHS_QUOTED_FOR_TARGET_18)",
					"$(LIBRARY_SEARCH_PATHS_QUOTED_FOR_TARGET_19)",
					"$(LIBRARY_SEARCH_PATHS_QUOTED_FOR_TARGET_20)",
					"$(LIBRARY_SEARCH_PATHS_QUOTED_FOR_TARGET_21)",
					"$(LIBRARY_SEARCH_PATHS_QUOTED_FOR_TARGET_22)",
					"$(LIBRARY_SEARCH_PATHS_QUOTED_FOR_TARGET_23)",
					"$(LIBRARY_SEARCH_PATHS_QUOTED_FOR_TARGET_24)",
					"$(LIBRARY_SEARCH_PATHS_QUOTED_FOR_TARGET_25)",
					"$(LIBRARY_SEARCH_PATHS_QUOTED_FOR_TARGET_26)",
					"$(LIBRARY_SEARCH_PATHS_QUOTED_FOR_TARGET_27)",
					"$(LIBRARY_SEARCH_PATHS_QUOTED_FOR_TARGET_28)",
					"$(LIBRARY_SEARCH_PATHS_QUOTED_FOR_TARGET_29)",
					"$(LIBRARY_SEARCH_PATHS_QUOTED_FOR_TARGET_30)",
					"$(LIBRARY_SEARCH_PATHS_QUOTED_FOR_TARGET_31)",
					"$(LIBRARY_SEARCH_PATHS_QUOTED_FOR_TARGET_32)",
					"$(LIBRARY_SEARCH_PATHS_QUOTED_FOR_TARGET_33)",
					"$(LIBRARY_SEARCH_PATHS_QUOTED_FOR_TARGET_34)",
					"$(LIBRARY_SEARCH_PATHS_QUOTED_FOR_TARGET_35)",
					"$(LIBRARY_SEARCH_PATHS_QUOTED_FOR_TARGET_36)",
					"$(LIBRARY_SEARCH_PATHS_QUOTED_FOR_TARGET_37)",
					"$(LIBRARY_SEARCH_PATHS_QUOTED_FOR_TARGET_38)",
					"$(LIBRARY_SEARCH_PATHS_QUOTED_FOR_TARGET_39)",
					"$(LIBRARY_SEARCH_PATHS_QUOTED_FOR_TARGET_40)",
					"$(LIBRARY_SEARCH_PATHS_QUOTED_FOR_TARGET_41)",
					"$(LIBRARY_SEARCH_PATHS_QUOTED_FOR_TARGET_42)",
					"$(LIBRARY_SEARCH_PATHS_QUOTED_FOR_TARGET_43)",
					"$(LIBRARY_SEARCH_PATHS_QUOTED_FOR_TARGET_44)",
					"$(LIBRARY_SEARCH_PATHS_QUOTED_FOR_TARGET_45)",
					"$(LIBRARY_SEARCH_PATHS_QUOTED_FOR_TARGET_46)",
					"$(LIBRARY_SEARCH_PATHS_QUOTED_FOR_TARGET_47)",
					"$(LIBRARY_SEARCH_PATHS_QUOTED_FOR_TARGET_48)",
					"$(LIBRARY_SEARCH_PATHS_QUOTED_FOR_TARGET_49)",
					"$(LIBRARY_SEARCH_PATHS_QUOTED_FOR_TARGET_50)",
					"$(LIBRARY_SEARCH_PATHS_QUOTED_FOR_TARGET_51)",
					"$(LIBRARY_SEARCH_PATHS_QUOTED_FOR_TARGET_52)",
					"$(LIBRARY_SEARCH_PATHS_QUOTED_FOR_TARGET_1)",
					"$(LIBRARY_SEARCH_PATHS_QUOTED_FOR_TARGET_2)",
					"$(LIBRARY_SEARCH_PATHS_QUOTED_FOR_TARGET_3)",
					"$(LIBRARY_SEARCH_PATHS_QUOTED_FOR_TARGET_4)",
					"$(LIBRARY_SEARCH_PATHS_QUOTED_FOR_TARGET_5)",
					"$(LIBRARY_SEARCH_PATHS_QUOTED_FOR_TARGET_6)",
					"$(LIBRARY_SEARCH_PATHS_QUOTED_FOR_TARGET_7)",
					"$(LIBRARY_SEARCH_PATHS_QUOTED_FOR_TARGET_8)",
					"$(LIBRARY_SEARCH_PATHS_QUOTED_FOR_TARGET_9)",
					"$(LIBRARY_SEARCH_PATHS_QUOTED_FOR_TARGET_10)",
					"$(LIBRARY_SEARCH_PATHS_QUOTED_FOR_TARGET_11)",
					"$(LIBRARY_SEARCH_PATHS_QUOTED_FOR_TARGET_12)",
					"$(LIBRARY_SEARCH_PATHS_QUOTED_FOR_TARGET_13)",
					"$(LIBRARY_SEARCH_PATHS_QUOTED_FOR_TARGET_14)",
					"$(LIBRARY_SEARCH_PATHS_QUOTED_FOR_TARGET_15)",
					"$(LIBRARY_SEARCH_PATHS_QUOTED_FOR_TARGET_16)",
					"$(LIBRARY_SEARCH_PATHS_QUOTED_FOR_TARGET_17)",
					"$(LIBRARY_SEARCH_PATHS_QUOTED_FOR_TARGET_18)",
					"$(LIBRARY_SEARCH_PATHS_QUOTED_FOR_TARGET_19)",
					"$(LIBRARY_SEARCH_PATHS_QUOTED_FOR_TARGET_20)",
					"$(LIBRARY_SEARCH_PATHS_QUOTED_FOR_TARGET_21)",
					"$(LIBRARY_SEARCH_PATHS_QUOTED_FOR_TARGET_22)",
					"$(LIBRARY_SEARCH_PATHS_QUOTED_FOR_TARGET_23)",
					"$(LIBRARY_SEARCH_PATHS_QUOTED_FOR_TARGET_24)",
					"\"$(SRCROOT)/../../../addons/ofxOsc/libs/oscpack/lib/osx\"",
				);
				LIBRARY_SEARCH_PATHS_QUOTED_FOR_TARGET_1 = "\"$(SRCROOT)/../../../addons/ofxOpenCv/libs/opencv/lib/android/armeabi\"";
				LIBRARY_SEARCH_PATHS_QUOTED_FOR_TARGET_10 = "\"$(SRCROOT)/../../ofxOpenCv/libs/opencv/lib/android/armeabi-v7a\"";
				LIBRARY_SEARCH_PATHS_QUOTED_FOR_TARGET_11 = "\"$(SRCROOT)/../../ofxOpenCv/libs/opencv/lib/iphone\"";
				LIBRARY_SEARCH_PATHS_QUOTED_FOR_TARGET_12 = "\"$(SRCROOT)/../../ofxOpenCv/libs/opencv/lib/linux\"";
				LIBRARY_SEARCH_PATHS_QUOTED_FOR_TARGET_13 = "\"$(SRCROOT)/../../ofxOpenCv/libs/opencv/lib/linux64\"";
				LIBRARY_SEARCH_PATHS_QUOTED_FOR_TARGET_14 = "\"$(SRCROOT)/../../ofxOpenCv/libs/opencv/lib/osx\"";
				LIBRARY_SEARCH_PATHS_QUOTED_FOR_TARGET_15 = "\"$(SRCROOT)/../../ofxOpenCv/libs/opencv/lib/vs2010\"";
				LIBRARY_SEARCH_PATHS_QUOTED_FOR_TARGET_16 = "\"$(SRCROOT)/../../ofxOpenCv/libs/opencv/lib/win_cb\"";
				LIBRARY_SEARCH_PATHS_QUOTED_FOR_TARGET_17 = "\"$(SRCROOT)/../../../addons/ofxOpenCv/libs/opencv/lib/android/armeabi\"";
				LIBRARY_SEARCH_PATHS_QUOTED_FOR_TARGET_18 = "\"$(SRCROOT)/../../../addons/ofxOpenCv/libs/opencv/lib/android/armeabi-v7a\"";
				LIBRARY_SEARCH_PATHS_QUOTED_FOR_TARGET_19 = "\"$(SRCROOT)/../../../addons/ofxOpenCv/libs/opencv/lib/iphone\"";
				LIBRARY_SEARCH_PATHS_QUOTED_FOR_TARGET_2 = "\"$(SRCROOT)/../../../addons/ofxOpenCv/libs/opencv/lib/android/armeabi-v7a\"";
				LIBRARY_SEARCH_PATHS_QUOTED_FOR_TARGET_20 = "\"$(SRCROOT)/../../../addons/ofxOpenCv/libs/opencv/lib/linux\"";
				LIBRARY_SEARCH_PATHS_QUOTED_FOR_TARGET_21 = "\"$(SRCROOT)/../../../addons/ofxOpenCv/libs/opencv/lib/linux64\"";
				LIBRARY_SEARCH_PATHS_QUOTED_FOR_TARGET_22 = "\"$(SRCROOT)/../../../addons/ofxOpenCv/libs/opencv/lib/osx\"";
				LIBRARY_SEARCH_PATHS_QUOTED_FOR_TARGET_23 = "\"$(SRCROOT)/../../../addons/ofxOpenCv/libs/opencv/lib/vs2010\"";
				LIBRARY_SEARCH_PATHS_QUOTED_FOR_TARGET_24 = "\"$(SRCROOT)/../../../addons/ofxOpenCv/libs/opencv/lib/win_cb\"";
				LIBRARY_SEARCH_PATHS_QUOTED_FOR_TARGET_3 = "\"$(SRCROOT)/../../../addons/ofxOpenCv/libs/opencv/lib/iphone\"";
				LIBRARY_SEARCH_PATHS_QUOTED_FOR_TARGET_4 = "\"$(SRCROOT)/../../../addons/ofxOpenCv/libs/opencv/lib/linux\"";
				LIBRARY_SEARCH_PATHS_QUOTED_FOR_TARGET_5 = "\"$(SRCROOT)/../../../addons/ofxOpenCv/libs/opencv/lib/linux64\"";
				LIBRARY_SEARCH_PATHS_QUOTED_FOR_TARGET_6 = "\"$(SRCROOT)/../../../addons/ofxOpenCv/libs/opencv/lib/osx\"";
				LIBRARY_SEARCH_PATHS_QUOTED_FOR_TARGET_7 = "\"$(SRCROOT)/../../../addons/ofxOpenCv/libs/opencv/lib/vs2010\"";
				LIBRARY_SEARCH_PATHS_QUOTED_FOR_TARGET_8 = "\"$(SRCROOT)/../../../addons/ofxOpenCv/libs/opencv/lib/win_cb\"";
				LIBRARY_SEARCH_PATHS_QUOTED_FOR_TARGET_9 = "\"$(SRCROOT)/../../ofxOpenCv/libs/opencv/lib/android/armeabi\"";
				PRODUCT_NAME = "$(TARGET_NAME)Debug";
				WRAPPER_EXTENSION = app;
			};
			name = Debug;
		};
		E4B69B610A3A1757003C02F2 /* Release */ = {
			isa = XCBuildConfiguration;
			buildSettings = {
				ARCHS = "$(ARCHS_STANDARD_32_BIT)";
				CLANG_X86_VECTOR_INSTRUCTIONS = sse4.2;
				COMBINE_HIDPI_IMAGES = YES;
				COPY_PHASE_STRIP = YES;
				FRAMEWORK_SEARCH_PATHS = (
					"$(inherited)",
					"$(FRAMEWORK_SEARCH_PATHS_QUOTED_FOR_TARGET_1)",
					"$(FRAMEWORK_SEARCH_PATHS_QUOTED_FOR_TARGET_2)",
					"$(FRAMEWORK_SEARCH_PATHS_QUOTED_FOR_TARGET_3)",
				);
				FRAMEWORK_SEARCH_PATHS_QUOTED_FOR_TARGET_1 = "\"$(SRCROOT)/../../../libs/glut/lib/osx\"";
				FRAMEWORK_SEARCH_PATHS_QUOTED_FOR_TARGET_2 = "\"$(SRCROOT)/ofxSyphon/libs/Syphon/lib/osx\"";
				FRAMEWORK_SEARCH_PATHS_QUOTED_FOR_TARGET_3 = "\"$(SRCROOT)/../../../addons/ofxSyphon/libs/Syphon/lib/osx\"";
				GCC_GENERATE_DEBUGGING_SYMBOLS = NO;
				GCC_MODEL_TUNING = G4;
				GCC_PRECOMPILE_PREFIX_HEADER = YES;
				GCC_PREFIX_HEADER = "$(SYSTEM_LIBRARY_DIR)/Frameworks/Carbon.framework/Headers/Carbon.h";
				INFOPLIST_FILE = "openFrameworks-Info.plist";
				INSTALL_PATH = "$(HOME)/Applications";
				LIBRARY_SEARCH_PATHS = (
					"$(inherited)",
					"$(LIBRARY_SEARCH_PATHS_QUOTED_FOR_TARGET_1)",
					"$(LIBRARY_SEARCH_PATHS_QUOTED_FOR_TARGET_2)",
					"$(LIBRARY_SEARCH_PATHS_QUOTED_FOR_TARGET_3)",
					"$(LIBRARY_SEARCH_PATHS_QUOTED_FOR_TARGET_4)",
					"$(LIBRARY_SEARCH_PATHS_QUOTED_FOR_TARGET_5)",
					"$(LIBRARY_SEARCH_PATHS_QUOTED_FOR_TARGET_6)",
					"$(LIBRARY_SEARCH_PATHS_QUOTED_FOR_TARGET_7)",
					"$(LIBRARY_SEARCH_PATHS_QUOTED_FOR_TARGET_8)",
					"$(LIBRARY_SEARCH_PATHS_QUOTED_FOR_TARGET_9)",
					"$(LIBRARY_SEARCH_PATHS_QUOTED_FOR_TARGET_10)",
					"$(LIBRARY_SEARCH_PATHS_QUOTED_FOR_TARGET_11)",
					"$(LIBRARY_SEARCH_PATHS_QUOTED_FOR_TARGET_12)",
					"$(LIBRARY_SEARCH_PATHS_QUOTED_FOR_TARGET_13)",
					"$(LIBRARY_SEARCH_PATHS_QUOTED_FOR_TARGET_14)",
					"$(LIBRARY_SEARCH_PATHS_QUOTED_FOR_TARGET_15)",
					"$(LIBRARY_SEARCH_PATHS_QUOTED_FOR_TARGET_2)",
					"$(LIBRARY_SEARCH_PATHS_QUOTED_1)",
					"$(LIBRARY_SEARCH_PATHS_QUOTED_FOR_TARGET_3)",
					"$(LIBRARY_SEARCH_PATHS_QUOTED_FOR_TARGET_7)",
					"$(LIBRARY_SEARCH_PATHS_QUOTED_FOR_TARGET_8)",
					"$(LIBRARY_SEARCH_PATHS_QUOTED_FOR_TARGET_9)",
					"$(LIBRARY_SEARCH_PATHS_QUOTED_FOR_TARGET_10)",
					"$(LIBRARY_SEARCH_PATHS_QUOTED_FOR_TARGET_11)",
					"$(LIBRARY_SEARCH_PATHS_QUOTED_FOR_TARGET_12)",
					"$(LIBRARY_SEARCH_PATHS_QUOTED_FOR_TARGET_13)",
					"$(LIBRARY_SEARCH_PATHS_QUOTED_FOR_TARGET_16)",
					"$(LIBRARY_SEARCH_PATHS_QUOTED_FOR_TARGET_17)",
					"$(LIBRARY_SEARCH_PATHS_QUOTED_FOR_TARGET_18)",
					"$(LIBRARY_SEARCH_PATHS_QUOTED_FOR_TARGET_19)",
					"$(LIBRARY_SEARCH_PATHS_QUOTED_FOR_TARGET_20)",
					"$(LIBRARY_SEARCH_PATHS_QUOTED_FOR_TARGET_21)",
					"$(LIBRARY_SEARCH_PATHS_QUOTED_FOR_TARGET_22)",
					"$(LIBRARY_SEARCH_PATHS_QUOTED_FOR_TARGET_23)",
					"$(LIBRARY_SEARCH_PATHS_QUOTED_FOR_TARGET_24)",
					"$(LIBRARY_SEARCH_PATHS_QUOTED_FOR_TARGET_25)",
					"$(LIBRARY_SEARCH_PATHS_QUOTED_FOR_TARGET_26)",
					"$(LIBRARY_SEARCH_PATHS_QUOTED_FOR_TARGET_27)",
					"$(LIBRARY_SEARCH_PATHS_QUOTED_FOR_TARGET_28)",
					"$(LIBRARY_SEARCH_PATHS_QUOTED_FOR_TARGET_29)",
					"$(LIBRARY_SEARCH_PATHS_QUOTED_FOR_TARGET_30)",
					"$(LIBRARY_SEARCH_PATHS_QUOTED_FOR_TARGET_31)",
					"$(LIBRARY_SEARCH_PATHS_QUOTED_FOR_TARGET_32)",
					"$(LIBRARY_SEARCH_PATHS_QUOTED_FOR_TARGET_33)",
					"$(LIBRARY_SEARCH_PATHS_QUOTED_FOR_TARGET_34)",
					"$(LIBRARY_SEARCH_PATHS_QUOTED_FOR_TARGET_35)",
					"$(LIBRARY_SEARCH_PATHS_QUOTED_FOR_TARGET_36)",
					"$(LIBRARY_SEARCH_PATHS_QUOTED_FOR_TARGET_37)",
					"$(LIBRARY_SEARCH_PATHS_QUOTED_FOR_TARGET_38)",
					"$(LIBRARY_SEARCH_PATHS_QUOTED_FOR_TARGET_39)",
					"$(LIBRARY_SEARCH_PATHS_QUOTED_FOR_TARGET_40)",
					"$(LIBRARY_SEARCH_PATHS_QUOTED_FOR_TARGET_41)",
					"$(LIBRARY_SEARCH_PATHS_QUOTED_FOR_TARGET_42)",
					"$(LIBRARY_SEARCH_PATHS_QUOTED_FOR_TARGET_43)",
					"$(LIBRARY_SEARCH_PATHS_QUOTED_FOR_TARGET_44)",
					"$(LIBRARY_SEARCH_PATHS_QUOTED_FOR_TARGET_45)",
					"$(LIBRARY_SEARCH_PATHS_QUOTED_FOR_TARGET_46)",
					"$(LIBRARY_SEARCH_PATHS_QUOTED_FOR_TARGET_47)",
					"$(LIBRARY_SEARCH_PATHS_QUOTED_FOR_TARGET_48)",
					"$(LIBRARY_SEARCH_PATHS_QUOTED_FOR_TARGET_49)",
					"$(LIBRARY_SEARCH_PATHS_QUOTED_FOR_TARGET_50)",
					"$(LIBRARY_SEARCH_PATHS_QUOTED_FOR_TARGET_51)",
					"$(LIBRARY_SEARCH_PATHS_QUOTED_FOR_TARGET_1)",
					"$(LIBRARY_SEARCH_PATHS_QUOTED_FOR_TARGET_2)",
					"$(LIBRARY_SEARCH_PATHS_QUOTED_FOR_TARGET_3)",
					"$(LIBRARY_SEARCH_PATHS_QUOTED_FOR_TARGET_4)",
					"$(LIBRARY_SEARCH_PATHS_QUOTED_FOR_TARGET_5)",
					"$(LIBRARY_SEARCH_PATHS_QUOTED_FOR_TARGET_6)",
					"$(LIBRARY_SEARCH_PATHS_QUOTED_FOR_TARGET_7)",
					"$(LIBRARY_SEARCH_PATHS_QUOTED_FOR_TARGET_8)",
					"$(LIBRARY_SEARCH_PATHS_QUOTED_1)",
					"$(LIBRARY_SEARCH_PATHS_QUOTED_2)",
					"$(LIBRARY_SEARCH_PATHS_QUOTED_3)",
					"$(LIBRARY_SEARCH_PATHS_QUOTED_4)",
					"$(LIBRARY_SEARCH_PATHS_QUOTED_5)",
					"$(LIBRARY_SEARCH_PATHS_QUOTED_6)",
					"$(LIBRARY_SEARCH_PATHS_QUOTED_7)",
					"$(LIBRARY_SEARCH_PATHS_QUOTED_8)",
					"$(LIBRARY_SEARCH_PATHS_QUOTED_9)",
					"$(LIBRARY_SEARCH_PATHS_QUOTED_10)",
					"$(LIBRARY_SEARCH_PATHS_QUOTED_11)",
					"$(LIBRARY_SEARCH_PATHS_QUOTED_12)",
					"$(LIBRARY_SEARCH_PATHS_QUOTED_13)",
					"$(LIBRARY_SEARCH_PATHS_QUOTED_14)",
					"$(LIBRARY_SEARCH_PATHS_QUOTED_15)",
					"$(LIBRARY_SEARCH_PATHS_QUOTED_16)",
					"\"$(SRCROOT)/../../../addons/ofxOsc/libs/oscpack/lib/osx\"",
				);
				LIBRARY_SEARCH_PATHS_QUOTED_1 = "\"$(SRCROOT)/../../ofxOpenCv/libs/opencv/lib/android/armeabi\"";
				LIBRARY_SEARCH_PATHS_QUOTED_10 = "\"$(SRCROOT)/../../../addons/ofxOpenCv/libs/opencv/lib/android/armeabi-v7a\"";
				LIBRARY_SEARCH_PATHS_QUOTED_11 = "\"$(SRCROOT)/../../../addons/ofxOpenCv/libs/opencv/lib/iphone\"";
				LIBRARY_SEARCH_PATHS_QUOTED_12 = "\"$(SRCROOT)/../../../addons/ofxOpenCv/libs/opencv/lib/linux\"";
				LIBRARY_SEARCH_PATHS_QUOTED_13 = "\"$(SRCROOT)/../../../addons/ofxOpenCv/libs/opencv/lib/linux64\"";
				LIBRARY_SEARCH_PATHS_QUOTED_14 = "\"$(SRCROOT)/../../../addons/ofxOpenCv/libs/opencv/lib/osx\"";
				LIBRARY_SEARCH_PATHS_QUOTED_15 = "\"$(SRCROOT)/../../../addons/ofxOpenCv/libs/opencv/lib/vs2010\"";
				LIBRARY_SEARCH_PATHS_QUOTED_16 = "\"$(SRCROOT)/../../../addons/ofxOpenCv/libs/opencv/lib/win_cb\"";
				LIBRARY_SEARCH_PATHS_QUOTED_2 = "\"$(SRCROOT)/../../ofxOpenCv/libs/opencv/lib/android/armeabi-v7a\"";
				LIBRARY_SEARCH_PATHS_QUOTED_3 = "\"$(SRCROOT)/../../ofxOpenCv/libs/opencv/lib/iphone\"";
				LIBRARY_SEARCH_PATHS_QUOTED_4 = "\"$(SRCROOT)/../../ofxOpenCv/libs/opencv/lib/linux\"";
				LIBRARY_SEARCH_PATHS_QUOTED_5 = "\"$(SRCROOT)/../../ofxOpenCv/libs/opencv/lib/linux64\"";
				LIBRARY_SEARCH_PATHS_QUOTED_6 = "\"$(SRCROOT)/../../ofxOpenCv/libs/opencv/lib/osx\"";
				LIBRARY_SEARCH_PATHS_QUOTED_7 = "\"$(SRCROOT)/../../ofxOpenCv/libs/opencv/lib/vs2010\"";
				LIBRARY_SEARCH_PATHS_QUOTED_8 = "\"$(SRCROOT)/../../ofxOpenCv/libs/opencv/lib/win_cb\"";
				LIBRARY_SEARCH_PATHS_QUOTED_9 = "\"$(SRCROOT)/../../../addons/ofxOpenCv/libs/opencv/lib/android/armeabi\"";
				LIBRARY_SEARCH_PATHS_QUOTED_FOR_TARGET_1 = "\"$(SRCROOT)/../../../addons/ofxOpenCv/libs/opencv/lib/android/armeabi\"";
				LIBRARY_SEARCH_PATHS_QUOTED_FOR_TARGET_2 = "\"$(SRCROOT)/../../../addons/ofxOpenCv/libs/opencv/lib/android/armeabi-v7a\"";
				LIBRARY_SEARCH_PATHS_QUOTED_FOR_TARGET_3 = "\"$(SRCROOT)/../../../addons/ofxOpenCv/libs/opencv/lib/iphone\"";
				LIBRARY_SEARCH_PATHS_QUOTED_FOR_TARGET_4 = "\"$(SRCROOT)/../../../addons/ofxOpenCv/libs/opencv/lib/linux\"";
				LIBRARY_SEARCH_PATHS_QUOTED_FOR_TARGET_5 = "\"$(SRCROOT)/../../../addons/ofxOpenCv/libs/opencv/lib/linux64\"";
				LIBRARY_SEARCH_PATHS_QUOTED_FOR_TARGET_6 = "\"$(SRCROOT)/../../../addons/ofxOpenCv/libs/opencv/lib/osx\"";
				LIBRARY_SEARCH_PATHS_QUOTED_FOR_TARGET_7 = "\"$(SRCROOT)/../../../addons/ofxOpenCv/libs/opencv/lib/vs2010\"";
				LIBRARY_SEARCH_PATHS_QUOTED_FOR_TARGET_8 = "\"$(SRCROOT)/../../../addons/ofxOpenCv/libs/opencv/lib/win_cb\"";
				PRODUCT_NAME = "$(TARGET_NAME)";
				WRAPPER_EXTENSION = app;
			};
			name = Release;
		};
/* End XCBuildConfiguration section */

/* Begin XCConfigurationList section */
		E4B69B4D0A3A1720003C02F2 /* Build configuration list for PBXProject "prosopagnosia" */ = {
			isa = XCConfigurationList;
			buildConfigurations = (
				E4B69B4E0A3A1720003C02F2 /* Debug */,
				E4B69B4F0A3A1720003C02F2 /* Release */,
			);
			defaultConfigurationIsVisible = 0;
			defaultConfigurationName = Release;
		};
		E4B69B5F0A3A1757003C02F2 /* Build configuration list for PBXNativeTarget "Prosopagnosia" */ = {
			isa = XCConfigurationList;
			buildConfigurations = (
				E4B69B600A3A1757003C02F2 /* Debug */,
				E4B69B610A3A1757003C02F2 /* Release */,
			);
			defaultConfigurationIsVisible = 0;
			defaultConfigurationName = Release;
		};
/* End XCConfigurationList section */
	};
	rootObject = E4B69B4C0A3A1720003C02F2 /* Project object */;
}
